<?xml version="1.0" encoding="UTF-8"?>
<!DOCTYPE plist PUBLIC "-//Apple//DTD PLIST 1.0//EN" "http://www.apple.com/DTDs/PropertyList-1.0.dtd">
<plist version="1.0">
<dict>
	<key>archiveVersion</key>
	<string>1</string>
	<key>classes</key>
	<dict/>
	<key>objectVersion</key>
	<string>46</string>
	<key>objects</key>
	<dict>
		<key>07055CD81C3E978F00017AF4</key>
		<dict>
			<key>isa</key>
			<string>PBXFileReference</string>
			<key>lastKnownFileType</key>
			<string>sourcecode.text-based-dylib-definition</string>
			<key>name</key>
			<string>libsqlite3.0.tbd</string>
			<key>path</key>
			<string>usr/lib/libsqlite3.0.tbd</string>
			<key>sourceTree</key>
			<string>SDKROOT</string>
		</dict>
		<key>07055CD91C3E978F00017AF4</key>
		<dict>
			<key>fileRef</key>
			<string>07055CD81C3E978F00017AF4</string>
			<key>isa</key>
			<string>PBXBuildFile</string>
		</dict>
		<key>07055CDA1C3E9EB600017AF4</key>
		<dict>
			<key>fileEncoding</key>
			<string>4</string>
			<key>isa</key>
			<string>PBXFileReference</string>
			<key>lastKnownFileType</key>
			<string>sourcecode.c.h</string>
			<key>path</key>
			<string>AddPlanController.h</string>
			<key>sourceTree</key>
			<string>&lt;group&gt;</string>
		</dict>
		<key>07055CDB1C3E9EB600017AF4</key>
		<dict>
			<key>fileEncoding</key>
			<string>4</string>
			<key>isa</key>
			<string>PBXFileReference</string>
			<key>lastKnownFileType</key>
			<string>sourcecode.c.objc</string>
			<key>path</key>
			<string>AddPlanController.m</string>
			<key>sourceTree</key>
			<string>&lt;group&gt;</string>
		</dict>
		<key>07055CDC1C3E9EB600017AF4</key>
		<dict>
			<key>fileEncoding</key>
			<string>4</string>
			<key>isa</key>
			<string>PBXFileReference</string>
			<key>lastKnownFileType</key>
			<string>file.xib</string>
			<key>path</key>
			<string>AddPlanController.xib</string>
			<key>sourceTree</key>
			<string>&lt;group&gt;</string>
		</dict>
		<key>07055CDD1C3E9EB600017AF4</key>
		<dict>
			<key>fileRef</key>
			<string>07055CDB1C3E9EB600017AF4</string>
			<key>isa</key>
			<string>PBXBuildFile</string>
		</dict>
		<key>07055CDE1C3E9EB600017AF4</key>
		<dict>
			<key>fileRef</key>
			<string>07055CDC1C3E9EB600017AF4</string>
			<key>isa</key>
			<string>PBXBuildFile</string>
		</dict>
		<key>07055CDF1C3EC2D000017AF4</key>
		<dict>
			<key>fileEncoding</key>
			<string>4</string>
			<key>isa</key>
			<string>PBXFileReference</string>
			<key>lastKnownFileType</key>
			<string>sourcecode.c.h</string>
			<key>path</key>
			<string>RegisterController.h</string>
			<key>sourceTree</key>
			<string>&lt;group&gt;</string>
		</dict>
		<key>07055CE01C3EC2D000017AF4</key>
		<dict>
			<key>fileEncoding</key>
			<string>4</string>
			<key>isa</key>
			<string>PBXFileReference</string>
			<key>lastKnownFileType</key>
			<string>sourcecode.c.objc</string>
			<key>path</key>
			<string>RegisterController.m</string>
			<key>sourceTree</key>
			<string>&lt;group&gt;</string>
		</dict>
		<key>07055CE11C3EC2D000017AF4</key>
		<dict>
			<key>fileEncoding</key>
			<string>4</string>
			<key>isa</key>
			<string>PBXFileReference</string>
			<key>lastKnownFileType</key>
			<string>file.xib</string>
			<key>path</key>
			<string>RegisterController.xib</string>
			<key>sourceTree</key>
			<string>&lt;group&gt;</string>
		</dict>
		<key>07055CE21C3EC2D000017AF4</key>
		<dict>
			<key>fileRef</key>
			<string>07055CE01C3EC2D000017AF4</string>
			<key>isa</key>
			<string>PBXBuildFile</string>
		</dict>
		<key>07055CE31C3EC2D000017AF4</key>
		<dict>
			<key>fileRef</key>
			<string>07055CE11C3EC2D000017AF4</string>
			<key>isa</key>
			<string>PBXBuildFile</string>
		</dict>
		<key>0745CC561C3D037600656BD1</key>
		<dict>
			<key>fileEncoding</key>
			<string>4</string>
			<key>isa</key>
			<string>PBXFileReference</string>
			<key>lastKnownFileType</key>
			<string>sourcecode.c.h</string>
			<key>path</key>
			<string>Person.h</string>
			<key>sourceTree</key>
			<string>&lt;group&gt;</string>
		</dict>
		<key>0745CC571C3D037600656BD1</key>
		<dict>
			<key>fileEncoding</key>
			<string>4</string>
			<key>isa</key>
			<string>PBXFileReference</string>
			<key>lastKnownFileType</key>
			<string>sourcecode.c.objc</string>
			<key>path</key>
			<string>Person.m</string>
			<key>sourceTree</key>
			<string>&lt;group&gt;</string>
		</dict>
		<key>0745CC581C3D037600656BD1</key>
		<dict>
			<key>fileRef</key>
			<string>0745CC571C3D037600656BD1</string>
			<key>isa</key>
			<string>PBXBuildFile</string>
		</dict>
		<key>0745CC591C3D038100656BD1</key>
		<dict>
			<key>fileEncoding</key>
			<string>4</string>
			<key>isa</key>
			<string>PBXFileReference</string>
			<key>lastKnownFileType</key>
			<string>sourcecode.c.h</string>
			<key>path</key>
			<string>account.h</string>
			<key>sourceTree</key>
			<string>&lt;group&gt;</string>
		</dict>
		<key>0745CC5A1C3D038100656BD1</key>
		<dict>
			<key>fileEncoding</key>
			<string>4</string>
			<key>isa</key>
			<string>PBXFileReference</string>
			<key>lastKnownFileType</key>
			<string>sourcecode.c.objc</string>
			<key>path</key>
			<string>account.m</string>
			<key>sourceTree</key>
			<string>&lt;group&gt;</string>
		</dict>
		<key>0745CC5B1C3D038100656BD1</key>
		<dict>
			<key>fileRef</key>
			<string>0745CC5A1C3D038100656BD1</string>
			<key>isa</key>
			<string>PBXBuildFile</string>
		</dict>
		<key>0745CC5F1C3D045A00656BD1</key>
		<dict>
			<key>fileEncoding</key>
			<string>4</string>
			<key>isa</key>
			<string>PBXFileReference</string>
			<key>lastKnownFileType</key>
			<string>sourcecode.c.h</string>
			<key>path</key>
			<string>OtherLogin.h</string>
			<key>sourceTree</key>
			<string>&lt;group&gt;</string>
		</dict>
		<key>0745CC601C3D045A00656BD1</key>
		<dict>
			<key>fileEncoding</key>
			<string>4</string>
			<key>isa</key>
			<string>PBXFileReference</string>
			<key>lastKnownFileType</key>
			<string>sourcecode.c.objc</string>
			<key>path</key>
			<string>OtherLogin.m</string>
			<key>sourceTree</key>
			<string>&lt;group&gt;</string>
		</dict>
		<key>0745CC611C3D045A00656BD1</key>
		<dict>
			<key>fileRef</key>
			<string>0745CC601C3D045A00656BD1</string>
			<key>isa</key>
			<string>PBXBuildFile</string>
		</dict>
		<key>0752AAE01C4002000044B19A</key>
		<dict>
			<key>fileEncoding</key>
			<string>4</string>
			<key>isa</key>
			<string>PBXFileReference</string>
			<key>lastKnownFileType</key>
			<string>text.plist.xml</string>
			<key>path</key>
			<string>plan.plist</string>
			<key>sourceTree</key>
			<string>&lt;group&gt;</string>
		</dict>
		<key>0752AAE11C4002000044B19A</key>
		<dict>
			<key>fileRef</key>
			<string>0752AAE01C4002000044B19A</string>
			<key>isa</key>
			<string>PBXBuildFile</string>
		</dict>
		<key>0752AAE21C400AA00044B19A</key>
		<dict>
			<key>fileEncoding</key>
			<string>4</string>
			<key>isa</key>
			<string>PBXFileReference</string>
			<key>lastKnownFileType</key>
			<string>text.plist.xml</string>
			<key>path</key>
			<string>books1.plist</string>
			<key>sourceTree</key>
			<string>&lt;group&gt;</string>
		</dict>
		<key>0752AAE31C400AA00044B19A</key>
		<dict>
			<key>fileRef</key>
			<string>0752AAE21C400AA00044B19A</string>
			<key>isa</key>
			<string>PBXBuildFile</string>
		</dict>
		<key>0752AAE41C4038A10044B19A</key>
		<dict>
			<key>fileEncoding</key>
			<string>4</string>
			<key>isa</key>
			<string>PBXFileReference</string>
			<key>lastKnownFileType</key>
			<string>sourcecode.c.h</string>
			<key>path</key>
			<string>MyPlanController.h</string>
			<key>sourceTree</key>
			<string>&lt;group&gt;</string>
		</dict>
		<key>0752AAE51C4038A10044B19A</key>
		<dict>
			<key>fileEncoding</key>
			<string>4</string>
			<key>isa</key>
			<string>PBXFileReference</string>
			<key>lastKnownFileType</key>
			<string>sourcecode.c.objc</string>
			<key>path</key>
			<string>MyPlanController.m</string>
			<key>sourceTree</key>
			<string>&lt;group&gt;</string>
		</dict>
		<key>0752AAE61C4038A10044B19A</key>
		<dict>
			<key>fileRef</key>
			<string>0752AAE51C4038A10044B19A</string>
			<key>isa</key>
			<string>PBXBuildFile</string>
		</dict>
		<key>0752AAE71C403BC30044B19A</key>
		<dict>
			<key>fileEncoding</key>
			<string>4</string>
			<key>isa</key>
			<string>PBXFileReference</string>
			<key>lastKnownFileType</key>
			<string>sourcecode.c.h</string>
			<key>path</key>
			<string>AdviceController.h</string>
			<key>sourceTree</key>
			<string>&lt;group&gt;</string>
		</dict>
		<key>0752AAE81C403BC30044B19A</key>
		<dict>
			<key>fileEncoding</key>
			<string>4</string>
			<key>isa</key>
			<string>PBXFileReference</string>
			<key>lastKnownFileType</key>
			<string>sourcecode.c.objc</string>
			<key>path</key>
			<string>AdviceController.m</string>
			<key>sourceTree</key>
			<string>&lt;group&gt;</string>
		</dict>
		<key>0752AAEA1C403BC30044B19A</key>
		<dict>
			<key>fileRef</key>
			<string>0752AAE81C403BC30044B19A</string>
			<key>isa</key>
			<string>PBXBuildFile</string>
		</dict>
		<key>0752AAEC1C40406B0044B19A</key>
		<dict>
			<key>fileEncoding</key>
			<string>4</string>
			<key>isa</key>
			<string>PBXFileReference</string>
			<key>lastKnownFileType</key>
			<string>sourcecode.c.h</string>
			<key>path</key>
			<string>LikeController.h</string>
			<key>sourceTree</key>
			<string>&lt;group&gt;</string>
		</dict>
		<key>0752AAED1C40406B0044B19A</key>
		<dict>
			<key>fileEncoding</key>
			<string>4</string>
			<key>isa</key>
			<string>PBXFileReference</string>
			<key>lastKnownFileType</key>
			<string>sourcecode.c.objc</string>
			<key>path</key>
			<string>LikeController.m</string>
			<key>sourceTree</key>
			<string>&lt;group&gt;</string>
		</dict>
		<key>0752AAEE1C40406B0044B19A</key>
		<dict>
			<key>fileRef</key>
			<string>0752AAED1C40406B0044B19A</string>
			<key>isa</key>
			<string>PBXBuildFile</string>
		</dict>
		<key>0752AAEF1C40D6A50044B19A</key>
		<dict>
			<key>fileEncoding</key>
			<string>4</string>
			<key>isa</key>
			<string>PBXFileReference</string>
			<key>lastKnownFileType</key>
			<string>sourcecode.c.h</string>
			<key>path</key>
			<string>MyAccount.h</string>
			<key>sourceTree</key>
			<string>&lt;group&gt;</string>
		</dict>
		<key>0752AAF01C40D6A50044B19A</key>
		<dict>
			<key>fileEncoding</key>
			<string>4</string>
			<key>isa</key>
			<string>PBXFileReference</string>
			<key>lastKnownFileType</key>
			<string>sourcecode.c.objc</string>
			<key>path</key>
			<string>MyAccount.m</string>
			<key>sourceTree</key>
			<string>&lt;group&gt;</string>
		</dict>
		<key>0752AAF11C40D6A50044B19A</key>
		<dict>
			<key>fileRef</key>
			<string>0752AAF01C40D6A50044B19A</string>
			<key>isa</key>
			<string>PBXBuildFile</string>
		</dict>
		<key>075E3A5D1C3A9EE50016702C</key>
		<dict>
			<key>fileEncoding</key>
			<string>4</string>
			<key>isa</key>
			<string>PBXFileReference</string>
			<key>lastKnownFileType</key>
			<string>sourcecode.c.h</string>
			<key>path</key>
			<string>MbNavController.h</string>
			<key>sourceTree</key>
			<string>&lt;group&gt;</string>
		</dict>
		<key>075E3A5E1C3A9EE50016702C</key>
		<dict>
			<key>fileEncoding</key>
			<string>4</string>
			<key>isa</key>
			<string>PBXFileReference</string>
			<key>lastKnownFileType</key>
			<string>sourcecode.c.objc</string>
			<key>path</key>
			<string>MbNavController.m</string>
			<key>sourceTree</key>
			<string>&lt;group&gt;</string>
		</dict>
		<key>075E3A5F1C3A9EE50016702C</key>
		<dict>
			<key>fileRef</key>
			<string>075E3A5E1C3A9EE50016702C</string>
			<key>isa</key>
			<string>PBXBuildFile</string>
		</dict>
		<key>075E3A601C3A9F0C0016702C</key>
		<dict>
			<key>fileEncoding</key>
			<string>4</string>
			<key>isa</key>
			<string>PBXFileReference</string>
			<key>lastKnownFileType</key>
			<string>sourcecode.c.h</string>
			<key>path</key>
			<string>MbEnglishController.h</string>
			<key>sourceTree</key>
			<string>&lt;group&gt;</string>
		</dict>
		<key>075E3A611C3A9F0C0016702C</key>
		<dict>
			<key>fileEncoding</key>
			<string>4</string>
			<key>isa</key>
			<string>PBXFileReference</string>
			<key>lastKnownFileType</key>
			<string>sourcecode.c.objc</string>
			<key>path</key>
			<string>MbEnglishController.m</string>
			<key>sourceTree</key>
			<string>&lt;group&gt;</string>
		</dict>
		<key>075E3A621C3A9F0C0016702C</key>
		<dict>
			<key>fileRef</key>
			<string>075E3A611C3A9F0C0016702C</string>
			<key>isa</key>
			<string>PBXBuildFile</string>
		</dict>
		<key>075E3A631C3A9F250016702C</key>
		<dict>
			<key>fileEncoding</key>
			<string>4</string>
			<key>isa</key>
			<string>PBXFileReference</string>
			<key>lastKnownFileType</key>
			<string>sourcecode.c.h</string>
			<key>path</key>
			<string>MbLearnController.h</string>
			<key>sourceTree</key>
			<string>&lt;group&gt;</string>
		</dict>
		<key>075E3A641C3A9F250016702C</key>
		<dict>
			<key>fileEncoding</key>
			<string>4</string>
			<key>isa</key>
			<string>PBXFileReference</string>
			<key>lastKnownFileType</key>
			<string>sourcecode.c.objc</string>
			<key>path</key>
			<string>MbLearnController.m</string>
			<key>sourceTree</key>
			<string>&lt;group&gt;</string>
		</dict>
		<key>075E3A651C3A9F250016702C</key>
		<dict>
			<key>fileRef</key>
			<string>075E3A641C3A9F250016702C</string>
			<key>isa</key>
			<string>PBXBuildFile</string>
		</dict>
		<key>075E3A661C3A9F350016702C</key>
		<dict>
			<key>fileEncoding</key>
			<string>4</string>
			<key>isa</key>
			<string>PBXFileReference</string>
			<key>lastKnownFileType</key>
			<string>sourcecode.c.h</string>
			<key>path</key>
			<string>MbPersonalController.h</string>
			<key>sourceTree</key>
			<string>&lt;group&gt;</string>
		</dict>
		<key>075E3A671C3A9F350016702C</key>
		<dict>
			<key>fileEncoding</key>
			<string>4</string>
			<key>isa</key>
			<string>PBXFileReference</string>
			<key>lastKnownFileType</key>
			<string>sourcecode.c.objc</string>
			<key>path</key>
			<string>MbPersonalController.m</string>
			<key>sourceTree</key>
			<string>&lt;group&gt;</string>
		</dict>
		<key>075E3A681C3A9F350016702C</key>
		<dict>
			<key>fileRef</key>
			<string>075E3A671C3A9F350016702C</string>
			<key>isa</key>
			<string>PBXBuildFile</string>
		</dict>
		<key>075E3A691C3A9F470016702C</key>
		<dict>
			<key>fileEncoding</key>
			<string>4</string>
			<key>isa</key>
			<string>PBXFileReference</string>
			<key>lastKnownFileType</key>
			<string>sourcecode.c.h</string>
			<key>path</key>
			<string>MbReadController.h</string>
			<key>sourceTree</key>
			<string>&lt;group&gt;</string>
		</dict>
		<key>075E3A6A1C3A9F470016702C</key>
		<dict>
			<key>fileEncoding</key>
			<string>4</string>
			<key>isa</key>
			<string>PBXFileReference</string>
			<key>lastKnownFileType</key>
			<string>sourcecode.c.objc</string>
			<key>path</key>
			<string>MbReadController.m</string>
			<key>sourceTree</key>
			<string>&lt;group&gt;</string>
		</dict>
		<key>075E3A6B1C3A9F470016702C</key>
		<dict>
			<key>fileRef</key>
			<string>075E3A6A1C3A9F470016702C</string>
			<key>isa</key>
			<string>PBXBuildFile</string>
		</dict>
		<key>075E3A6C1C3AA8220016702C</key>
		<dict>
			<key>children</key>
			<array>
				<string>075E3A6D1C3AA8220016702C</string>
				<string>075E3A6E1C3AA8220016702C</string>
				<string>075E3A6F1C3AA8220016702C</string>
			</array>
			<key>isa</key>
			<string>PBXGroup</string>
			<key>path</key>
			<string>Login&#65288;&#30331;&#24405;&#65289;</string>
			<key>sourceTree</key>
			<string>&lt;group&gt;</string>
		</dict>
		<key>075E3A6D1C3AA8220016702C</key>
		<dict>
			<key>children</key>
			<array>
				<string>075E3A701C3AA87C0016702C</string>
				<string>075E3A711C3AA87C0016702C</string>
				<string>075E3A721C3AA87C0016702C</string>
				<string>07055CDF1C3EC2D000017AF4</string>
				<string>07055CE01C3EC2D000017AF4</string>
				<string>07055CE11C3EC2D000017AF4</string>
			</array>
			<key>isa</key>
			<string>PBXGroup</string>
			<key>path</key>
			<string>Controller</string>
			<key>sourceTree</key>
			<string>&lt;group&gt;</string>
		</dict>
		<key>075E3A6E1C3AA8220016702C</key>
		<dict>
			<key>children</key>
			<array>
				<string>0752AAEF1C40D6A50044B19A</string>
				<string>0752AAF01C40D6A50044B19A</string>
			</array>
			<key>isa</key>
			<string>PBXGroup</string>
			<key>path</key>
			<string>Model</string>
			<key>sourceTree</key>
			<string>&lt;group&gt;</string>
		</dict>
		<key>075E3A6F1C3AA8220016702C</key>
		<dict>
			<key>children</key>
			<array>
				<string>0745CC5F1C3D045A00656BD1</string>
				<string>0745CC601C3D045A00656BD1</string>
			</array>
			<key>isa</key>
			<string>PBXGroup</string>
			<key>path</key>
			<string>View</string>
			<key>sourceTree</key>
			<string>&lt;group&gt;</string>
		</dict>
		<key>075E3A701C3AA87C0016702C</key>
		<dict>
			<key>fileEncoding</key>
			<string>4</string>
			<key>isa</key>
			<string>PBXFileReference</string>
			<key>lastKnownFileType</key>
			<string>sourcecode.c.h</string>
			<key>path</key>
			<string>LoginController.h</string>
			<key>sourceTree</key>
			<string>&lt;group&gt;</string>
		</dict>
		<key>075E3A711C3AA87C0016702C</key>
		<dict>
			<key>fileEncoding</key>
			<string>4</string>
			<key>isa</key>
			<string>PBXFileReference</string>
			<key>lastKnownFileType</key>
			<string>sourcecode.c.objc</string>
			<key>path</key>
			<string>LoginController.m</string>
			<key>sourceTree</key>
			<string>&lt;group&gt;</string>
		</dict>
		<key>075E3A721C3AA87C0016702C</key>
		<dict>
			<key>fileEncoding</key>
			<string>4</string>
			<key>isa</key>
			<string>PBXFileReference</string>
			<key>lastKnownFileType</key>
			<string>file.xib</string>
			<key>path</key>
			<string>LoginController.xib</string>
			<key>sourceTree</key>
			<string>&lt;group&gt;</string>
		</dict>
		<key>075E3A731C3AA87C0016702C</key>
		<dict>
			<key>fileRef</key>
			<string>075E3A711C3AA87C0016702C</string>
			<key>isa</key>
			<string>PBXBuildFile</string>
		</dict>
		<key>075E3A741C3AA87C0016702C</key>
		<dict>
			<key>fileRef</key>
			<string>075E3A721C3AA87C0016702C</string>
			<key>isa</key>
			<string>PBXBuildFile</string>
		</dict>
		<key>077760231C3BC41F0034D28F</key>
		<dict>
			<key>fileEncoding</key>
			<string>4</string>
			<key>isa</key>
			<string>PBXFileReference</string>
			<key>lastKnownFileType</key>
			<string>sourcecode.c.h</string>
			<key>path</key>
			<string>Plan.h</string>
			<key>sourceTree</key>
			<string>&lt;group&gt;</string>
		</dict>
		<key>077760241C3BC41F0034D28F</key>
		<dict>
			<key>fileEncoding</key>
			<string>4</string>
			<key>isa</key>
			<string>PBXFileReference</string>
			<key>lastKnownFileType</key>
			<string>sourcecode.c.objc</string>
			<key>path</key>
			<string>Plan.m</string>
			<key>sourceTree</key>
			<string>&lt;group&gt;</string>
		</dict>
		<key>077760251C3BC41F0034D28F</key>
		<dict>
			<key>fileRef</key>
			<string>077760241C3BC41F0034D28F</string>
			<key>isa</key>
			<string>PBXBuildFile</string>
		</dict>
		<key>0777602C1C3BF6250034D28F</key>
		<dict>
			<key>fileEncoding</key>
			<string>4</string>
			<key>isa</key>
			<string>PBXFileReference</string>
			<key>lastKnownFileType</key>
			<string>sourcecode.c.h</string>
			<key>path</key>
			<string>MsgCenter_VC.h</string>
			<key>sourceTree</key>
			<string>&lt;group&gt;</string>
		</dict>
		<key>0777602D1C3BF6250034D28F</key>
		<dict>
			<key>fileEncoding</key>
			<string>4</string>
			<key>isa</key>
			<string>PBXFileReference</string>
			<key>lastKnownFileType</key>
			<string>sourcecode.c.objc</string>
			<key>path</key>
			<string>MsgCenter_VC.m</string>
			<key>sourceTree</key>
			<string>&lt;group&gt;</string>
		</dict>
		<key>0777602E1C3BF6250034D28F</key>
		<dict>
			<key>fileRef</key>
			<string>0777602D1C3BF6250034D28F</string>
			<key>isa</key>
			<string>PBXBuildFile</string>
		</dict>
		<key>0777602F1C3BF6860034D28F</key>
		<dict>
			<key>isa</key>
			<string>PBXFileReference</string>
			<key>lastKnownFileType</key>
			<string>sourcecode.c.h</string>
			<key>path</key>
			<string>MsgSetting_VC.h</string>
			<key>sourceTree</key>
			<string>&lt;group&gt;</string>
		</dict>
		<key>077760301C3BF68F0034D28F</key>
		<dict>
			<key>fileEncoding</key>
			<string>4</string>
			<key>isa</key>
			<string>PBXFileReference</string>
			<key>lastKnownFileType</key>
			<string>sourcecode.c.objc</string>
			<key>path</key>
			<string>MsgSetting_VC.m</string>
			<key>sourceTree</key>
			<string>&lt;group&gt;</string>
		</dict>
		<key>077760311C3BF68F0034D28F</key>
		<dict>
			<key>fileRef</key>
			<string>077760301C3BF68F0034D28F</string>
			<key>isa</key>
			<string>PBXBuildFile</string>
		</dict>
		<key>077760321C3BF6FB0034D28F</key>
		<dict>
			<key>fileEncoding</key>
			<string>4</string>
			<key>isa</key>
			<string>PBXFileReference</string>
			<key>lastKnownFileType</key>
			<string>sourcecode.c.h</string>
			<key>path</key>
			<string>More_VC.h</string>
			<key>sourceTree</key>
			<string>&lt;group&gt;</string>
		</dict>
		<key>077760331C3BF6FB0034D28F</key>
		<dict>
			<key>fileEncoding</key>
			<string>4</string>
			<key>isa</key>
			<string>PBXFileReference</string>
			<key>lastKnownFileType</key>
			<string>sourcecode.c.objc</string>
			<key>path</key>
			<string>More_VC.m</string>
			<key>sourceTree</key>
			<string>&lt;group&gt;</string>
		</dict>
		<key>077760341C3BF6FB0034D28F</key>
		<dict>
			<key>fileRef</key>
			<string>077760331C3BF6FB0034D28F</string>
			<key>isa</key>
			<string>PBXBuildFile</string>
		</dict>
		<key>077760351C3BF7110034D28F</key>
		<dict>
			<key>isa</key>
			<string>PBXFileReference</string>
			<key>lastKnownFileType</key>
			<string>sourcecode.c.h</string>
			<key>path</key>
			<string>MyAccount_VC.h</string>
			<key>sourceTree</key>
			<string>&lt;group&gt;</string>
		</dict>
		<key>077760361C3BF7160034D28F</key>
		<dict>
			<key>fileEncoding</key>
			<string>4</string>
			<key>isa</key>
			<string>PBXFileReference</string>
			<key>lastKnownFileType</key>
			<string>sourcecode.c.objc</string>
			<key>path</key>
			<string>MyAccount_VC.m</string>
			<key>sourceTree</key>
			<string>&lt;group&gt;</string>
		</dict>
		<key>077760371C3BF7160034D28F</key>
		<dict>
			<key>fileRef</key>
			<string>077760361C3BF7160034D28F</string>
			<key>isa</key>
			<string>PBXBuildFile</string>
		</dict>
		<key>077760381C3BF7920034D28F</key>
		<dict>
			<key>isa</key>
			<string>PBXFileReference</string>
			<key>lastKnownFileType</key>
			<string>sourcecode.c.h</string>
			<key>path</key>
			<string>CustomTableViewCell.h</string>
			<key>sourceTree</key>
			<string>&lt;group&gt;</string>
		</dict>
		<key>077760391C3BF7980034D28F</key>
		<dict>
			<key>fileEncoding</key>
			<string>4</string>
			<key>isa</key>
			<string>PBXFileReference</string>
			<key>lastKnownFileType</key>
			<string>sourcecode.c.objc</string>
			<key>path</key>
			<string>CustomTableViewCell.m</string>
			<key>sourceTree</key>
			<string>&lt;group&gt;</string>
		</dict>
		<key>0777603A1C3BF7980034D28F</key>
		<dict>
			<key>fileRef</key>
			<string>077760391C3BF7980034D28F</string>
			<key>isa</key>
			<string>PBXBuildFile</string>
		</dict>
		<key>0777603B1C3BF7E60034D28F</key>
		<dict>
			<key>fileEncoding</key>
			<string>4</string>
			<key>isa</key>
			<string>PBXFileReference</string>
			<key>lastKnownFileType</key>
			<string>sourcecode.c.h</string>
			<key>path</key>
			<string>PopViewController.h</string>
			<key>sourceTree</key>
			<string>&lt;group&gt;</string>
		</dict>
		<key>0777603C1C3BF7ED0034D28F</key>
		<dict>
			<key>fileEncoding</key>
			<string>4</string>
			<key>isa</key>
			<string>PBXFileReference</string>
			<key>lastKnownFileType</key>
			<string>sourcecode.c.objc</string>
			<key>path</key>
			<string>PopViewController.m</string>
			<key>sourceTree</key>
			<string>&lt;group&gt;</string>
		</dict>
		<key>0777603D1C3BF7ED0034D28F</key>
		<dict>
			<key>fileRef</key>
			<string>0777603C1C3BF7ED0034D28F</string>
			<key>isa</key>
			<string>PBXBuildFile</string>
		</dict>
		<key>0777603E1C3BFFAA0034D28F</key>
		<dict>
			<key>fileEncoding</key>
			<string>4</string>
			<key>isa</key>
			<string>PBXFileReference</string>
			<key>lastKnownFileType</key>
			<string>sourcecode.c.h</string>
			<key>path</key>
			<string>HMSearchBar.h</string>
			<key>sourceTree</key>
			<string>&lt;group&gt;</string>
		</dict>
		<key>0777603F1C3BFFAA0034D28F</key>
		<dict>
			<key>fileEncoding</key>
			<string>4</string>
			<key>isa</key>
			<string>PBXFileReference</string>
			<key>lastKnownFileType</key>
			<string>sourcecode.c.objc</string>
			<key>path</key>
			<string>HMSearchBar.m</string>
			<key>sourceTree</key>
			<string>&lt;group&gt;</string>
		</dict>
		<key>077760401C3BFFAA0034D28F</key>
		<dict>
			<key>fileRef</key>
			<string>0777603F1C3BFFAA0034D28F</string>
			<key>isa</key>
			<string>PBXBuildFile</string>
		</dict>
		<key>077760411C3C003B0034D28F</key>
		<dict>
			<key>children</key>
			<array>
				<string>077760471C3C010A0034D28F</string>
				<string>077760451C3C01040034D28F</string>
				<string>077760421C3C003B0034D28F</string>
				<string>077760431C3C003B0034D28F</string>
			</array>
			<key>isa</key>
			<string>PBXGroup</string>
			<key>path</key>
			<string>Category</string>
			<key>sourceTree</key>
			<string>&lt;group&gt;</string>
		</dict>
		<key>077760421C3C003B0034D28F</key>
		<dict>
			<key>fileEncoding</key>
			<string>4</string>
			<key>isa</key>
			<string>PBXFileReference</string>
			<key>lastKnownFileType</key>
			<string>sourcecode.c.h</string>
			<key>path</key>
			<string>UIView+Extension.h</string>
			<key>sourceTree</key>
			<string>&lt;group&gt;</string>
		</dict>
		<key>077760431C3C003B0034D28F</key>
		<dict>
			<key>fileEncoding</key>
			<string>4</string>
			<key>isa</key>
			<string>PBXFileReference</string>
			<key>lastKnownFileType</key>
			<string>sourcecode.c.objc</string>
			<key>path</key>
			<string>UIView+Extension.m</string>
			<key>sourceTree</key>
			<string>&lt;group&gt;</string>
		</dict>
		<key>077760441C3C003B0034D28F</key>
		<dict>
			<key>fileRef</key>
			<string>077760431C3C003B0034D28F</string>
			<key>isa</key>
			<string>PBXBuildFile</string>
		</dict>
		<key>077760451C3C01040034D28F</key>
		<dict>
			<key>fileEncoding</key>
			<string>4</string>
			<key>isa</key>
			<string>PBXFileReference</string>
			<key>lastKnownFileType</key>
			<string>sourcecode.c.objc</string>
			<key>path</key>
			<string>UIImage+Extension.m</string>
			<key>sourceTree</key>
			<string>&lt;group&gt;</string>
		</dict>
		<key>077760461C3C01040034D28F</key>
		<dict>
			<key>fileRef</key>
			<string>077760451C3C01040034D28F</string>
			<key>isa</key>
			<string>PBXBuildFile</string>
		</dict>
		<key>077760471C3C010A0034D28F</key>
		<dict>
			<key>isa</key>
			<string>PBXFileReference</string>
			<key>lastKnownFileType</key>
			<string>sourcecode.c.h</string>
			<key>path</key>
			<string>UIImage+Extension.h</string>
			<key>sourceTree</key>
			<string>&lt;group&gt;</string>
		</dict>
		<key>077760481C3C12900034D28F</key>
		<dict>
			<key>fileEncoding</key>
			<string>4</string>
			<key>isa</key>
			<string>PBXFileReference</string>
			<key>lastKnownFileType</key>
			<string>sourcecode.c.h</string>
			<key>path</key>
			<string>Search.h</string>
			<key>sourceTree</key>
			<string>&lt;group&gt;</string>
		</dict>
		<key>077760491C3C12900034D28F</key>
		<dict>
			<key>fileEncoding</key>
			<string>4</string>
			<key>isa</key>
			<string>PBXFileReference</string>
			<key>lastKnownFileType</key>
			<string>sourcecode.c.objc</string>
			<key>path</key>
			<string>Search.m</string>
			<key>sourceTree</key>
			<string>&lt;group&gt;</string>
		</dict>
		<key>0777604A1C3C12900034D28F</key>
		<dict>
			<key>fileRef</key>
			<string>077760491C3C12900034D28F</string>
			<key>isa</key>
			<string>PBXBuildFile</string>
		</dict>
		<key>0777604B1C3C12A50034D28F</key>
		<dict>
			<key>fileEncoding</key>
			<string>4</string>
			<key>isa</key>
			<string>PBXFileReference</string>
			<key>lastKnownFileType</key>
			<string>sourcecode.c.h</string>
			<key>path</key>
			<string>SearchTool.h</string>
			<key>sourceTree</key>
			<string>&lt;group&gt;</string>
		</dict>
		<key>0777604C1C3C12A50034D28F</key>
		<dict>
			<key>fileEncoding</key>
			<string>4</string>
			<key>isa</key>
			<string>PBXFileReference</string>
			<key>lastKnownFileType</key>
			<string>sourcecode.c.objc</string>
			<key>path</key>
			<string>SearchTool.m</string>
			<key>sourceTree</key>
			<string>&lt;group&gt;</string>
		</dict>
		<key>0777604D1C3C12A50034D28F</key>
		<dict>
			<key>fileRef</key>
			<string>0777604C1C3C12A50034D28F</string>
			<key>isa</key>
			<string>PBXBuildFile</string>
		</dict>
		<key>077760501C3C18670034D28F</key>
		<dict>
			<key>fileEncoding</key>
			<string>4</string>
			<key>isa</key>
			<string>PBXFileReference</string>
			<key>lastKnownFileType</key>
			<string>text.plist.xml</string>
			<key>path</key>
			<string>words.plist</string>
			<key>sourceTree</key>
			<string>&lt;group&gt;</string>
		</dict>
		<key>077760511C3C18670034D28F</key>
		<dict>
			<key>fileRef</key>
			<string>077760501C3C18670034D28F</string>
			<key>isa</key>
			<string>PBXBuildFile</string>
		</dict>
		<key>077760521C3C2BE20034D28F</key>
		<dict>
			<key>children</key>
			<array>
				<string>077760531C3C2BE20034D28F</string>
				<string>077760541C3C2BE20034D28F</string>
				<string>077760551C3C2BE20034D28F</string>
				<string>077760561C3C2BE20034D28F</string>
				<string>077760571C3C2BE20034D28F</string>
			</array>
			<key>isa</key>
			<string>PBXGroup</string>
			<key>path</key>
			<string>MBProgressHUD</string>
			<key>sourceTree</key>
			<string>&lt;group&gt;</string>
		</dict>
		<key>077760531C3C2BE20034D28F</key>
		<dict>
			<key>fileEncoding</key>
			<string>4</string>
			<key>isa</key>
			<string>PBXFileReference</string>
			<key>lastKnownFileType</key>
			<string>sourcecode.c.h</string>
			<key>path</key>
			<string>MBProgressHUD+MJ.h</string>
			<key>sourceTree</key>
			<string>&lt;group&gt;</string>
		</dict>
		<key>077760541C3C2BE20034D28F</key>
		<dict>
			<key>fileEncoding</key>
			<string>4</string>
			<key>isa</key>
			<string>PBXFileReference</string>
			<key>lastKnownFileType</key>
			<string>sourcecode.c.objc</string>
			<key>path</key>
			<string>MBProgressHUD+MJ.m</string>
			<key>sourceTree</key>
			<string>&lt;group&gt;</string>
		</dict>
		<key>077760551C3C2BE20034D28F</key>
		<dict>
			<key>isa</key>
			<string>PBXFileReference</string>
			<key>lastKnownFileType</key>
			<string>wrapper.plug-in</string>
			<key>path</key>
			<string>MBProgressHUD.bundle</string>
			<key>sourceTree</key>
			<string>&lt;group&gt;</string>
		</dict>
		<key>077760561C3C2BE20034D28F</key>
		<dict>
			<key>fileEncoding</key>
			<string>4</string>
			<key>isa</key>
			<string>PBXFileReference</string>
			<key>lastKnownFileType</key>
			<string>sourcecode.c.h</string>
			<key>path</key>
			<string>MBProgressHUD.h</string>
			<key>sourceTree</key>
			<string>&lt;group&gt;</string>
		</dict>
		<key>077760571C3C2BE20034D28F</key>
		<dict>
			<key>fileEncoding</key>
			<string>4</string>
			<key>isa</key>
			<string>PBXFileReference</string>
			<key>lastKnownFileType</key>
			<string>sourcecode.c.objc</string>
			<key>path</key>
			<string>MBProgressHUD.m</string>
			<key>sourceTree</key>
			<string>&lt;group&gt;</string>
		</dict>
		<key>077760581C3C2BE20034D28F</key>
		<dict>
			<key>fileRef</key>
			<string>077760541C3C2BE20034D28F</string>
			<key>isa</key>
			<string>PBXBuildFile</string>
		</dict>
		<key>077760591C3C2BE20034D28F</key>
		<dict>
			<key>fileRef</key>
			<string>077760551C3C2BE20034D28F</string>
			<key>isa</key>
			<string>PBXBuildFile</string>
		</dict>
		<key>0777605A1C3C2BE20034D28F</key>
		<dict>
			<key>fileRef</key>
			<string>077760571C3C2BE20034D28F</string>
			<key>isa</key>
			<string>PBXBuildFile</string>
		</dict>
		<key>0777605E1C3C2EC50034D28F</key>
		<dict>
			<key>fileEncoding</key>
			<string>4</string>
			<key>isa</key>
			<string>PBXFileReference</string>
			<key>lastKnownFileType</key>
			<string>sourcecode.c.h</string>
			<key>path</key>
			<string>Books.h</string>
			<key>sourceTree</key>
			<string>&lt;group&gt;</string>
		</dict>
		<key>0777605F1C3C2EC50034D28F</key>
		<dict>
			<key>fileEncoding</key>
			<string>4</string>
			<key>isa</key>
			<string>PBXFileReference</string>
			<key>lastKnownFileType</key>
			<string>sourcecode.c.objc</string>
			<key>path</key>
			<string>Books.m</string>
			<key>sourceTree</key>
			<string>&lt;group&gt;</string>
		</dict>
		<key>077760601C3C2EC50034D28F</key>
		<dict>
			<key>fileRef</key>
			<string>0777605F1C3C2EC50034D28F</string>
			<key>isa</key>
			<string>PBXBuildFile</string>
		</dict>
		<key>077760611C3C30C60034D28F</key>
		<dict>
			<key>fileEncoding</key>
			<string>4</string>
			<key>isa</key>
			<string>PBXFileReference</string>
			<key>lastKnownFileType</key>
			<string>sourcecode.c.h</string>
			<key>path</key>
			<string>bookCell.h</string>
			<key>sourceTree</key>
			<string>&lt;group&gt;</string>
		</dict>
		<key>077760621C3C30C60034D28F</key>
		<dict>
			<key>fileEncoding</key>
			<string>4</string>
			<key>isa</key>
			<string>PBXFileReference</string>
			<key>lastKnownFileType</key>
			<string>sourcecode.c.objc</string>
			<key>path</key>
			<string>bookCell.m</string>
			<key>sourceTree</key>
			<string>&lt;group&gt;</string>
		</dict>
		<key>077760631C3C30C60034D28F</key>
		<dict>
			<key>fileEncoding</key>
			<string>4</string>
			<key>isa</key>
			<string>PBXFileReference</string>
			<key>lastKnownFileType</key>
			<string>file.xib</string>
			<key>path</key>
			<string>bookCell.xib</string>
			<key>sourceTree</key>
			<string>&lt;group&gt;</string>
		</dict>
		<key>077760641C3C30C60034D28F</key>
		<dict>
			<key>fileRef</key>
			<string>077760621C3C30C60034D28F</string>
			<key>isa</key>
			<string>PBXBuildFile</string>
		</dict>
		<key>077760651C3C30C60034D28F</key>
		<dict>
			<key>fileRef</key>
			<string>077760631C3C30C60034D28F</string>
			<key>isa</key>
			<string>PBXBuildFile</string>
		</dict>
		<key>077760661C3C356E0034D28F</key>
		<dict>
			<key>fileEncoding</key>
			<string>4</string>
			<key>isa</key>
			<string>PBXFileReference</string>
			<key>lastKnownFileType</key>
			<string>sourcecode.c.h</string>
			<key>path</key>
			<string>IntroduceController.h</string>
			<key>sourceTree</key>
			<string>&lt;group&gt;</string>
		</dict>
		<key>077760671C3C356E0034D28F</key>
		<dict>
			<key>fileEncoding</key>
			<string>4</string>
			<key>isa</key>
			<string>PBXFileReference</string>
			<key>lastKnownFileType</key>
			<string>sourcecode.c.objc</string>
			<key>path</key>
			<string>IntroduceController.m</string>
			<key>sourceTree</key>
			<string>&lt;group&gt;</string>
		</dict>
		<key>077760681C3C356E0034D28F</key>
		<dict>
			<key>fileRef</key>
			<string>077760671C3C356E0034D28F</string>
			<key>isa</key>
			<string>PBXBuildFile</string>
		</dict>
		<key>077760691C3C36A00034D28F</key>
		<dict>
			<key>fileEncoding</key>
			<string>4</string>
			<key>isa</key>
			<string>PBXFileReference</string>
			<key>lastKnownFileType</key>
			<string>text.plist.xml</string>
			<key>path</key>
			<string>books2.plist</string>
			<key>sourceTree</key>
			<string>&lt;group&gt;</string>
		</dict>
		<key>0777606A1C3C36A00034D28F</key>
		<dict>
			<key>fileRef</key>
			<string>077760691C3C36A00034D28F</string>
			<key>isa</key>
			<string>PBXBuildFile</string>
		</dict>
		<key>0777606B1C3C3DFA0034D28F</key>
		<dict>
			<key>fileEncoding</key>
			<string>4</string>
			<key>isa</key>
			<string>PBXFileReference</string>
			<key>lastKnownFileType</key>
			<string>sourcecode.c.h</string>
			<key>path</key>
			<string>PlanCell.h</string>
			<key>sourceTree</key>
			<string>&lt;group&gt;</string>
		</dict>
		<key>0777606C1C3C3DFA0034D28F</key>
		<dict>
			<key>fileEncoding</key>
			<string>4</string>
			<key>isa</key>
			<string>PBXFileReference</string>
			<key>lastKnownFileType</key>
			<string>sourcecode.c.objc</string>
			<key>path</key>
			<string>PlanCell.m</string>
			<key>sourceTree</key>
			<string>&lt;group&gt;</string>
		</dict>
		<key>0777606D1C3C3DFA0034D28F</key>
		<dict>
			<key>fileEncoding</key>
			<string>4</string>
			<key>isa</key>
			<string>PBXFileReference</string>
			<key>lastKnownFileType</key>
			<string>file.xib</string>
			<key>path</key>
			<string>PlanCell.xib</string>
			<key>sourceTree</key>
			<string>&lt;group&gt;</string>
		</dict>
		<key>0777606E1C3C3DFA0034D28F</key>
		<dict>
			<key>fileRef</key>
			<string>0777606C1C3C3DFA0034D28F</string>
			<key>isa</key>
			<string>PBXBuildFile</string>
		</dict>
		<key>0777606F1C3C3DFA0034D28F</key>
		<dict>
			<key>fileRef</key>
			<string>0777606D1C3C3DFA0034D28F</string>
			<key>isa</key>
			<string>PBXBuildFile</string>
		</dict>
		<key>0788BF2F1C3FBABA00A6F042</key>
		<dict>
			<key>fileEncoding</key>
			<string>4</string>
			<key>isa</key>
			<string>PBXFileReference</string>
			<key>lastKnownFileType</key>
			<string>sourcecode.c.h</string>
			<key>path</key>
			<string>PlanTextView.h</string>
			<key>sourceTree</key>
			<string>&lt;group&gt;</string>
		</dict>
		<key>0788BF301C3FBABA00A6F042</key>
		<dict>
			<key>fileEncoding</key>
			<string>4</string>
			<key>isa</key>
			<string>PBXFileReference</string>
			<key>lastKnownFileType</key>
			<string>sourcecode.c.objc</string>
			<key>path</key>
			<string>PlanTextView.m</string>
			<key>sourceTree</key>
			<string>&lt;group&gt;</string>
		</dict>
		<key>0788BF311C3FBABA00A6F042</key>
		<dict>
			<key>fileRef</key>
			<string>0788BF301C3FBABA00A6F042</string>
			<key>isa</key>
			<string>PBXBuildFile</string>
		</dict>
		<key>07B26B131C3A9B56004A58E0</key>
		<dict>
			<key>children</key>
			<array>
				<string>07055CD81C3E978F00017AF4</string>
				<string>07B26B1E1C3A9B56004A58E0</string>
				<string>07B26B381C3A9B57004A58E0</string>
				<string>07B26B431C3A9B57004A58E0</string>
				<string>07B26B1D1C3A9B56004A58E0</string>
				<string>F06FF4B1FBE4255654E5521F</string>
				<string>20BEC89AEEB09FEEDD3BFF2F</string>
			</array>
			<key>isa</key>
			<string>PBXGroup</string>
			<key>sourceTree</key>
			<string>&lt;group&gt;</string>
		</dict>
		<key>07B26B141C3A9B56004A58E0</key>
		<dict>
			<key>attributes</key>
			<dict>
				<key>LastUpgradeCheck</key>
				<string>0720</string>
				<key>ORGANIZATIONNAME</key>
				<string>biao</string>
				<key>TargetAttributes</key>
				<dict>
					<key>07B26B1B1C3A9B56004A58E0</key>
					<dict>
						<key>CreatedOnToolsVersion</key>
						<string>7.2</string>
						<key>DevelopmentTeam</key>
						<string>QUMSF8EMJ8</string>
					</dict>
					<key>07B26B341C3A9B57004A58E0</key>
					<dict>
						<key>CreatedOnToolsVersion</key>
						<string>7.2</string>
						<key>DevelopmentTeam</key>
						<string>QUMSF8EMJ8</string>
						<key>TestTargetID</key>
						<string>07B26B1B1C3A9B56004A58E0</string>
					</dict>
					<key>07B26B3F1C3A9B57004A58E0</key>
					<dict>
						<key>CreatedOnToolsVersion</key>
						<string>7.2</string>
						<key>DevelopmentTeam</key>
						<string>QUMSF8EMJ8</string>
						<key>TestTargetID</key>
						<string>07B26B1B1C3A9B56004A58E0</string>
					</dict>
				</dict>
			</dict>
			<key>buildConfigurationList</key>
			<string>07B26B171C3A9B56004A58E0</string>
			<key>compatibilityVersion</key>
			<string>Xcode 3.2</string>
			<key>developmentRegion</key>
			<string>English</string>
			<key>hasScannedForEncodings</key>
			<string>0</string>
			<key>isa</key>
			<string>PBXProject</string>
			<key>knownRegions</key>
			<array>
				<string>en</string>
				<string>Base</string>
			</array>
			<key>mainGroup</key>
			<string>07B26B131C3A9B56004A58E0</string>
			<key>productRefGroup</key>
			<string>07B26B1D1C3A9B56004A58E0</string>
			<key>projectDirPath</key>
			<string></string>
			<key>projectReferences</key>
			<array/>
			<key>projectRoot</key>
			<string></string>
			<key>targets</key>
			<array>
				<string>07B26B1B1C3A9B56004A58E0</string>
				<string>07B26B341C3A9B57004A58E0</string>
				<string>07B26B3F1C3A9B57004A58E0</string>
			</array>
		</dict>
		<key>07B26B171C3A9B56004A58E0</key>
		<dict>
			<key>buildConfigurations</key>
			<array>
				<string>07B26B471C3A9B57004A58E0</string>
				<string>07B26B481C3A9B57004A58E0</string>
			</array>
			<key>defaultConfigurationIsVisible</key>
			<string>0</string>
			<key>defaultConfigurationName</key>
			<string>Release</string>
			<key>isa</key>
			<string>XCConfigurationList</string>
		</dict>
		<key>07B26B181C3A9B56004A58E0</key>
		<dict>
			<key>buildActionMask</key>
			<string>2147483647</string>
			<key>files</key>
			<array>
				<string>077760251C3BC41F0034D28F</string>
				<string>075E3A5F1C3A9EE50016702C</string>
				<string>0752AAEA1C403BC30044B19A</string>
				<string>0745CC581C3D037600656BD1</string>
				<string>075E3A651C3A9F250016702C</string>
				<string>0752AAF11C40D6A50044B19A</string>
				<string>07B26B6F1C3A9DE0004A58E0</string>
				<string>0745CC5B1C3D038100656BD1</string>
				<string>07B26B6E1C3A9DE0004A58E0</string>
				<string>0777602E1C3BF6250034D28F</string>
				<string>0777604A1C3C12900034D28F</string>
				<string>0777605A1C3C2BE20034D28F</string>
				<string>077760441C3C003B0034D28F</string>
				<string>077760641C3C30C60034D28F</string>
				<string>0752AAE61C4038A10044B19A</string>
				<string>0788BF311C3FBABA00A6F042</string>
				<string>077760601C3C2EC50034D28F</string>
				<string>0752AAEE1C40406B0044B19A</string>
				<string>0777604D1C3C12A50034D28F</string>
				<string>077760681C3C356E0034D28F</string>
				<string>0777606E1C3C3DFA0034D28F</string>
				<string>077760341C3BF6FB0034D28F</string>
				<string>075E3A6B1C3A9F470016702C</string>
				<string>07B26B731C3A9E9A004A58E0</string>
				<string>075E3A621C3A9F0C0016702C</string>
				<string>077760371C3BF7160034D28F</string>
				<string>075E3A681C3A9F350016702C</string>
				<string>07055CDD1C3E9EB600017AF4</string>
				<string>0777603D1C3BF7ED0034D28F</string>
				<string>07055CE21C3EC2D000017AF4</string>
				<string>077760461C3C01040034D28F</string>
				<string>077760581C3C2BE20034D28F</string>
				<string>077760311C3BF68F0034D28F</string>
				<string>0777603A1C3BF7980034D28F</string>
				<string>077760401C3BFFAA0034D28F</string>
				<string>0745CC611C3D045A00656BD1</string>
				<string>075E3A731C3AA87C0016702C</string>
			</array>
			<key>isa</key>
			<string>PBXSourcesBuildPhase</string>
			<key>runOnlyForDeploymentPostprocessing</key>
			<string>0</string>
		</dict>
		<key>07B26B191C3A9B56004A58E0</key>
		<dict>
			<key>buildActionMask</key>
			<string>2147483647</string>
			<key>files</key>
			<array>
				<string>07055CD91C3E978F00017AF4</string>
				<string>37D74AFB2269F689B1EA381B</string>
			</array>
			<key>isa</key>
			<string>PBXFrameworksBuildPhase</string>
			<key>runOnlyForDeploymentPostprocessing</key>
			<string>0</string>
		</dict>
		<key>07B26B1A1C3A9B56004A58E0</key>
		<dict>
			<key>buildActionMask</key>
			<string>2147483647</string>
			<key>files</key>
			<array>
				<string>0777606F1C3C3DFA0034D28F</string>
				<string>0752AAE11C4002000044B19A</string>
				<string>07B26B2C1C3A9B56004A58E0</string>
				<string>0777606A1C3C36A00034D28F</string>
				<string>077760591C3C2BE20034D28F</string>
				<string>077760651C3C30C60034D28F</string>
				<string>077760511C3C18670034D28F</string>
				<string>07055CE31C3EC2D000017AF4</string>
				<string>0752AAE31C400AA00044B19A</string>
				<string>075E3A741C3AA87C0016702C</string>
				<string>07055CDE1C3E9EB600017AF4</string>
			</array>
			<key>isa</key>
			<string>PBXResourcesBuildPhase</string>
			<key>runOnlyForDeploymentPostprocessing</key>
			<string>0</string>
		</dict>
		<key>07B26B1B1C3A9B56004A58E0</key>
		<dict>
			<key>buildConfigurationList</key>
			<string>07B26B491C3A9B57004A58E0</string>
			<key>buildPhases</key>
			<array>
				<string>881DFC2651462A84E93AC1BA</string>
				<string>07B26B181C3A9B56004A58E0</string>
				<string>07B26B191C3A9B56004A58E0</string>
				<string>07B26B1A1C3A9B56004A58E0</string>
				<string>C87727005B72520460DAA294</string>
				<string>791D07DD65E74A1E1A4C3503</string>
			</array>
			<key>buildRules</key>
			<array/>
			<key>dependencies</key>
			<array/>
			<key>isa</key>
			<string>PBXNativeTarget</string>
			<key>name</key>
			<string>LearnAssistant</string>
			<key>productName</key>
			<string>LearnAssistant</string>
			<key>productReference</key>
			<string>07B26B1C1C3A9B56004A58E0</string>
			<key>productType</key>
			<string>com.apple.product-type.application</string>
		</dict>
		<key>07B26B1C1C3A9B56004A58E0</key>
		<dict>
			<key>explicitFileType</key>
			<string>wrapper.application</string>
			<key>includeInIndex</key>
			<string>0</string>
			<key>isa</key>
			<string>PBXFileReference</string>
			<key>path</key>
			<string>LearnAssistant.app</string>
			<key>sourceTree</key>
			<string>BUILT_PRODUCTS_DIR</string>
		</dict>
		<key>07B26B1D1C3A9B56004A58E0</key>
		<dict>
			<key>children</key>
			<array>
				<string>07B26B1C1C3A9B56004A58E0</string>
				<string>07B26B351C3A9B57004A58E0</string>
				<string>07B26B401C3A9B57004A58E0</string>
			</array>
			<key>isa</key>
			<string>PBXGroup</string>
			<key>name</key>
			<string>Products</string>
			<key>sourceTree</key>
			<string>&lt;group&gt;</string>
		</dict>
		<key>07B26B1E1C3A9B56004A58E0</key>
		<dict>
			<key>children</key>
			<array>
				<string>07B26B541C3A9DE0004A58E0</string>
				<string>07B26B2B1C3A9B56004A58E0</string>
				<string>07B26B1F1C3A9B56004A58E0</string>
			</array>
			<key>isa</key>
			<string>PBXGroup</string>
			<key>path</key>
			<string>LearnAssistant</string>
			<key>sourceTree</key>
			<string>&lt;group&gt;</string>
		</dict>
		<key>07B26B1F1C3A9B56004A58E0</key>
		<dict>
			<key>children</key>
			<array>
				<string>0752AAE01C4002000044B19A</string>
				<string>07B26B301C3A9B56004A58E0</string>
				<string>07B26B701C3A9E2A004A58E0</string>
				<string>077760501C3C18670034D28F</string>
				<string>0752AAE21C400AA00044B19A</string>
				<string>077760691C3C36A00034D28F</string>
			</array>
			<key>isa</key>
			<string>PBXGroup</string>
			<key>name</key>
			<string>Supporting Files</string>
			<key>sourceTree</key>
			<string>&lt;group&gt;</string>
		</dict>
		<key>07B26B2B1C3A9B56004A58E0</key>
		<dict>
			<key>isa</key>
			<string>PBXFileReference</string>
			<key>lastKnownFileType</key>
			<string>folder.assetcatalog</string>
			<key>path</key>
			<string>Assets.xcassets</string>
			<key>sourceTree</key>
			<string>&lt;group&gt;</string>
		</dict>
		<key>07B26B2C1C3A9B56004A58E0</key>
		<dict>
			<key>fileRef</key>
			<string>07B26B2B1C3A9B56004A58E0</string>
			<key>isa</key>
			<string>PBXBuildFile</string>
		</dict>
		<key>07B26B301C3A9B56004A58E0</key>
		<dict>
			<key>isa</key>
			<string>PBXFileReference</string>
			<key>lastKnownFileType</key>
			<string>text.plist.xml</string>
			<key>path</key>
			<string>Info.plist</string>
			<key>sourceTree</key>
			<string>&lt;group&gt;</string>
		</dict>
		<key>07B26B311C3A9B57004A58E0</key>
		<dict>
			<key>buildActionMask</key>
			<string>2147483647</string>
			<key>files</key>
			<array>
				<string>07B26B3A1C3A9B57004A58E0</string>
			</array>
			<key>isa</key>
			<string>PBXSourcesBuildPhase</string>
			<key>runOnlyForDeploymentPostprocessing</key>
			<string>0</string>
		</dict>
		<key>07B26B321C3A9B57004A58E0</key>
		<dict>
			<key>buildActionMask</key>
			<string>2147483647</string>
			<key>files</key>
			<array/>
			<key>isa</key>
			<string>PBXFrameworksBuildPhase</string>
			<key>runOnlyForDeploymentPostprocessing</key>
			<string>0</string>
		</dict>
		<key>07B26B331C3A9B57004A58E0</key>
		<dict>
			<key>buildActionMask</key>
			<string>2147483647</string>
			<key>files</key>
			<array/>
			<key>isa</key>
			<string>PBXResourcesBuildPhase</string>
			<key>runOnlyForDeploymentPostprocessing</key>
			<string>0</string>
		</dict>
		<key>07B26B341C3A9B57004A58E0</key>
		<dict>
			<key>buildConfigurationList</key>
			<string>07B26B4C1C3A9B57004A58E0</string>
			<key>buildPhases</key>
			<array>
				<string>07B26B311C3A9B57004A58E0</string>
				<string>07B26B321C3A9B57004A58E0</string>
				<string>07B26B331C3A9B57004A58E0</string>
			</array>
			<key>buildRules</key>
			<array/>
			<key>dependencies</key>
			<array>
				<string>07B26B371C3A9B57004A58E0</string>
			</array>
			<key>isa</key>
			<string>PBXNativeTarget</string>
			<key>name</key>
			<string>LearnAssistantTests</string>
			<key>productName</key>
			<string>LearnAssistantTests</string>
			<key>productReference</key>
			<string>07B26B351C3A9B57004A58E0</string>
			<key>productType</key>
			<string>com.apple.product-type.bundle.unit-test</string>
		</dict>
		<key>07B26B351C3A9B57004A58E0</key>
		<dict>
			<key>explicitFileType</key>
			<string>wrapper.cfbundle</string>
			<key>includeInIndex</key>
			<string>0</string>
			<key>isa</key>
			<string>PBXFileReference</string>
			<key>path</key>
			<string>LearnAssistantTests.xctest</string>
			<key>sourceTree</key>
			<string>BUILT_PRODUCTS_DIR</string>
		</dict>
		<key>07B26B361C3A9B57004A58E0</key>
		<dict>
			<key>containerPortal</key>
			<string>07B26B141C3A9B56004A58E0</string>
			<key>isa</key>
			<string>PBXContainerItemProxy</string>
			<key>proxyType</key>
			<string>1</string>
			<key>remoteGlobalIDString</key>
			<string>07B26B1B1C3A9B56004A58E0</string>
			<key>remoteInfo</key>
			<string>LearnAssistant</string>
		</dict>
		<key>07B26B371C3A9B57004A58E0</key>
		<dict>
			<key>isa</key>
			<string>PBXTargetDependency</string>
			<key>target</key>
			<string>07B26B1B1C3A9B56004A58E0</string>
			<key>targetProxy</key>
			<string>07B26B361C3A9B57004A58E0</string>
		</dict>
		<key>07B26B381C3A9B57004A58E0</key>
		<dict>
			<key>children</key>
			<array>
				<string>07B26B391C3A9B57004A58E0</string>
				<string>07B26B3B1C3A9B57004A58E0</string>
			</array>
			<key>isa</key>
			<string>PBXGroup</string>
			<key>path</key>
			<string>LearnAssistantTests</string>
			<key>sourceTree</key>
			<string>&lt;group&gt;</string>
		</dict>
		<key>07B26B391C3A9B57004A58E0</key>
		<dict>
			<key>isa</key>
			<string>PBXFileReference</string>
			<key>lastKnownFileType</key>
			<string>sourcecode.c.objc</string>
			<key>path</key>
			<string>LearnAssistantTests.m</string>
			<key>sourceTree</key>
			<string>&lt;group&gt;</string>
		</dict>
		<key>07B26B3A1C3A9B57004A58E0</key>
		<dict>
			<key>fileRef</key>
			<string>07B26B391C3A9B57004A58E0</string>
			<key>isa</key>
			<string>PBXBuildFile</string>
		</dict>
		<key>07B26B3B1C3A9B57004A58E0</key>
		<dict>
			<key>isa</key>
			<string>PBXFileReference</string>
			<key>lastKnownFileType</key>
			<string>text.plist.xml</string>
			<key>path</key>
			<string>Info.plist</string>
			<key>sourceTree</key>
			<string>&lt;group&gt;</string>
		</dict>
		<key>07B26B3C1C3A9B57004A58E0</key>
		<dict>
			<key>buildActionMask</key>
			<string>2147483647</string>
			<key>files</key>
			<array>
				<string>07B26B451C3A9B57004A58E0</string>
			</array>
			<key>isa</key>
			<string>PBXSourcesBuildPhase</string>
			<key>runOnlyForDeploymentPostprocessing</key>
			<string>0</string>
		</dict>
		<key>07B26B3D1C3A9B57004A58E0</key>
		<dict>
			<key>buildActionMask</key>
			<string>2147483647</string>
			<key>files</key>
			<array/>
			<key>isa</key>
			<string>PBXFrameworksBuildPhase</string>
			<key>runOnlyForDeploymentPostprocessing</key>
			<string>0</string>
		</dict>
		<key>07B26B3E1C3A9B57004A58E0</key>
		<dict>
			<key>buildActionMask</key>
			<string>2147483647</string>
			<key>files</key>
			<array/>
			<key>isa</key>
			<string>PBXResourcesBuildPhase</string>
			<key>runOnlyForDeploymentPostprocessing</key>
			<string>0</string>
		</dict>
		<key>07B26B3F1C3A9B57004A58E0</key>
		<dict>
			<key>buildConfigurationList</key>
			<string>07B26B4F1C3A9B57004A58E0</string>
			<key>buildPhases</key>
			<array>
				<string>07B26B3C1C3A9B57004A58E0</string>
				<string>07B26B3D1C3A9B57004A58E0</string>
				<string>07B26B3E1C3A9B57004A58E0</string>
			</array>
			<key>buildRules</key>
			<array/>
			<key>dependencies</key>
			<array>
				<string>07B26B421C3A9B57004A58E0</string>
			</array>
			<key>isa</key>
			<string>PBXNativeTarget</string>
			<key>name</key>
			<string>LearnAssistantUITests</string>
			<key>productName</key>
			<string>LearnAssistantUITests</string>
			<key>productReference</key>
			<string>07B26B401C3A9B57004A58E0</string>
			<key>productType</key>
			<string>com.apple.product-type.bundle.ui-testing</string>
		</dict>
		<key>07B26B401C3A9B57004A58E0</key>
		<dict>
			<key>explicitFileType</key>
			<string>wrapper.cfbundle</string>
			<key>includeInIndex</key>
			<string>0</string>
			<key>isa</key>
			<string>PBXFileReference</string>
			<key>path</key>
			<string>LearnAssistantUITests.xctest</string>
			<key>sourceTree</key>
			<string>BUILT_PRODUCTS_DIR</string>
		</dict>
		<key>07B26B411C3A9B57004A58E0</key>
		<dict>
			<key>containerPortal</key>
			<string>07B26B141C3A9B56004A58E0</string>
			<key>isa</key>
			<string>PBXContainerItemProxy</string>
			<key>proxyType</key>
			<string>1</string>
			<key>remoteGlobalIDString</key>
			<string>07B26B1B1C3A9B56004A58E0</string>
			<key>remoteInfo</key>
			<string>LearnAssistant</string>
		</dict>
		<key>07B26B421C3A9B57004A58E0</key>
		<dict>
			<key>isa</key>
			<string>PBXTargetDependency</string>
			<key>target</key>
			<string>07B26B1B1C3A9B56004A58E0</string>
			<key>targetProxy</key>
			<string>07B26B411C3A9B57004A58E0</string>
		</dict>
		<key>07B26B431C3A9B57004A58E0</key>
		<dict>
			<key>children</key>
			<array>
				<string>07B26B441C3A9B57004A58E0</string>
				<string>07B26B461C3A9B57004A58E0</string>
			</array>
			<key>isa</key>
			<string>PBXGroup</string>
			<key>path</key>
			<string>LearnAssistantUITests</string>
			<key>sourceTree</key>
			<string>&lt;group&gt;</string>
		</dict>
		<key>07B26B441C3A9B57004A58E0</key>
		<dict>
			<key>isa</key>
			<string>PBXFileReference</string>
			<key>lastKnownFileType</key>
			<string>sourcecode.c.objc</string>
			<key>path</key>
			<string>LearnAssistantUITests.m</string>
			<key>sourceTree</key>
			<string>&lt;group&gt;</string>
		</dict>
		<key>07B26B451C3A9B57004A58E0</key>
		<dict>
			<key>fileRef</key>
			<string>07B26B441C3A9B57004A58E0</string>
			<key>isa</key>
			<string>PBXBuildFile</string>
		</dict>
		<key>07B26B461C3A9B57004A58E0</key>
		<dict>
			<key>isa</key>
			<string>PBXFileReference</string>
			<key>lastKnownFileType</key>
			<string>text.plist.xml</string>
			<key>path</key>
			<string>Info.plist</string>
			<key>sourceTree</key>
			<string>&lt;group&gt;</string>
		</dict>
		<key>07B26B471C3A9B57004A58E0</key>
		<dict>
			<key>buildSettings</key>
			<dict>
				<key>ALWAYS_SEARCH_USER_PATHS</key>
				<string>NO</string>
				<key>CLANG_CXX_LANGUAGE_STANDARD</key>
				<string>gnu++0x</string>
				<key>CLANG_CXX_LIBRARY</key>
				<string>libc++</string>
				<key>CLANG_ENABLE_MODULES</key>
				<string>YES</string>
				<key>CLANG_ENABLE_OBJC_ARC</key>
				<string>YES</string>
				<key>CLANG_WARN_BOOL_CONVERSION</key>
				<string>YES</string>
				<key>CLANG_WARN_CONSTANT_CONVERSION</key>
				<string>YES</string>
				<key>CLANG_WARN_DIRECT_OBJC_ISA_USAGE</key>
				<string>YES_ERROR</string>
				<key>CLANG_WARN_EMPTY_BODY</key>
				<string>YES</string>
				<key>CLANG_WARN_ENUM_CONVERSION</key>
				<string>YES</string>
				<key>CLANG_WARN_INT_CONVERSION</key>
				<string>YES</string>
				<key>CLANG_WARN_OBJC_ROOT_CLASS</key>
				<string>YES_ERROR</string>
				<key>CLANG_WARN_UNREACHABLE_CODE</key>
				<string>YES</string>
				<key>CLANG_WARN__DUPLICATE_METHOD_MATCH</key>
				<string>YES</string>
				<key>CODE_SIGN_IDENTITY[sdk=iphoneos*]</key>
				<string>iPhone Developer</string>
				<key>COPY_PHASE_STRIP</key>
				<string>NO</string>
				<key>DEBUG_INFORMATION_FORMAT</key>
				<string>dwarf</string>
				<key>ENABLE_STRICT_OBJC_MSGSEND</key>
				<string>YES</string>
				<key>ENABLE_TESTABILITY</key>
				<string>YES</string>
				<key>GCC_C_LANGUAGE_STANDARD</key>
				<string>gnu99</string>
				<key>GCC_DYNAMIC_NO_PIC</key>
				<string>NO</string>
				<key>GCC_NO_COMMON_BLOCKS</key>
				<string>YES</string>
				<key>GCC_OPTIMIZATION_LEVEL</key>
				<string>0</string>
				<key>GCC_PREPROCESSOR_DEFINITIONS</key>
				<array>
					<string>DEBUG=1</string>
					<string>$(inherited)</string>
				</array>
				<key>GCC_WARN_64_TO_32_BIT_CONVERSION</key>
				<string>YES</string>
				<key>GCC_WARN_ABOUT_RETURN_TYPE</key>
				<string>YES_ERROR</string>
				<key>GCC_WARN_UNDECLARED_SELECTOR</key>
				<string>YES</string>
				<key>GCC_WARN_UNINITIALIZED_AUTOS</key>
				<string>YES_AGGRESSIVE</string>
				<key>GCC_WARN_UNUSED_FUNCTION</key>
				<string>YES</string>
				<key>GCC_WARN_UNUSED_VARIABLE</key>
				<string>YES</string>
				<key>IPHONEOS_DEPLOYMENT_TARGET</key>
				<string>9.2</string>
				<key>MTL_ENABLE_DEBUG_INFO</key>
				<string>YES</string>
				<key>ONLY_ACTIVE_ARCH</key>
				<string>YES</string>
				<key>SDKROOT</key>
				<string>iphoneos</string>
			</dict>
			<key>isa</key>
			<string>XCBuildConfiguration</string>
			<key>name</key>
			<string>Debug</string>
		</dict>
		<key>07B26B481C3A9B57004A58E0</key>
		<dict>
			<key>buildSettings</key>
			<dict>
				<key>ALWAYS_SEARCH_USER_PATHS</key>
				<string>NO</string>
				<key>CLANG_CXX_LANGUAGE_STANDARD</key>
				<string>gnu++0x</string>
				<key>CLANG_CXX_LIBRARY</key>
				<string>libc++</string>
				<key>CLANG_ENABLE_MODULES</key>
				<string>YES</string>
				<key>CLANG_ENABLE_OBJC_ARC</key>
				<string>YES</string>
				<key>CLANG_WARN_BOOL_CONVERSION</key>
				<string>YES</string>
				<key>CLANG_WARN_CONSTANT_CONVERSION</key>
				<string>YES</string>
				<key>CLANG_WARN_DIRECT_OBJC_ISA_USAGE</key>
				<string>YES_ERROR</string>
				<key>CLANG_WARN_EMPTY_BODY</key>
				<string>YES</string>
				<key>CLANG_WARN_ENUM_CONVERSION</key>
				<string>YES</string>
				<key>CLANG_WARN_INT_CONVERSION</key>
				<string>YES</string>
				<key>CLANG_WARN_OBJC_ROOT_CLASS</key>
				<string>YES_ERROR</string>
				<key>CLANG_WARN_UNREACHABLE_CODE</key>
				<string>YES</string>
				<key>CLANG_WARN__DUPLICATE_METHOD_MATCH</key>
				<string>YES</string>
				<key>CODE_SIGN_IDENTITY[sdk=iphoneos*]</key>
				<string>iPhone Developer</string>
				<key>COPY_PHASE_STRIP</key>
				<string>NO</string>
				<key>DEBUG_INFORMATION_FORMAT</key>
				<string>dwarf-with-dsym</string>
				<key>ENABLE_NS_ASSERTIONS</key>
				<string>NO</string>
				<key>ENABLE_STRICT_OBJC_MSGSEND</key>
				<string>YES</string>
				<key>GCC_C_LANGUAGE_STANDARD</key>
				<string>gnu99</string>
				<key>GCC_NO_COMMON_BLOCKS</key>
				<string>YES</string>
				<key>GCC_WARN_64_TO_32_BIT_CONVERSION</key>
				<string>YES</string>
				<key>GCC_WARN_ABOUT_RETURN_TYPE</key>
				<string>YES_ERROR</string>
				<key>GCC_WARN_UNDECLARED_SELECTOR</key>
				<string>YES</string>
				<key>GCC_WARN_UNINITIALIZED_AUTOS</key>
				<string>YES_AGGRESSIVE</string>
				<key>GCC_WARN_UNUSED_FUNCTION</key>
				<string>YES</string>
				<key>GCC_WARN_UNUSED_VARIABLE</key>
				<string>YES</string>
				<key>IPHONEOS_DEPLOYMENT_TARGET</key>
				<string>9.2</string>
				<key>MTL_ENABLE_DEBUG_INFO</key>
				<string>NO</string>
				<key>SDKROOT</key>
				<string>iphoneos</string>
				<key>VALIDATE_PRODUCT</key>
				<string>YES</string>
			</dict>
			<key>isa</key>
			<string>XCBuildConfiguration</string>
			<key>name</key>
			<string>Release</string>
		</dict>
		<key>07B26B491C3A9B57004A58E0</key>
		<dict>
			<key>buildConfigurations</key>
			<array>
				<string>07B26B4A1C3A9B57004A58E0</string>
				<string>07B26B4B1C3A9B57004A58E0</string>
			</array>
			<key>defaultConfigurationIsVisible</key>
			<string>0</string>
			<key>defaultConfigurationName</key>
			<string>Release</string>
			<key>isa</key>
			<string>XCConfigurationList</string>
		</dict>
		<key>07B26B4A1C3A9B57004A58E0</key>
		<dict>
			<key>baseConfigurationReference</key>
			<string>DC15ED4C83EEE42CE44D9CA7</string>
			<key>buildSettings</key>
			<dict>
				<key>ASSETCATALOG_COMPILER_APPICON_NAME</key>
				<string>AppIcon</string>
				<key>CODE_SIGN_IDENTITY</key>
				<string>iPhone Developer</string>
				<key>ENABLE_BITCODE</key>
				<string>YES</string>
				<key>GCC_PREFIX_HEADER</key>
				<string>$(SRCROOT)/LearnAssistant/PrefixHeader.pch</string>
				<key>INFOPLIST_FILE</key>
				<string>LearnAssistant/Info.plist</string>
				<key>IPHONEOS_DEPLOYMENT_TARGET</key>
				<string>9.1</string>
				<key>LD_RUNPATH_SEARCH_PATHS</key>
				<string>$(inherited) @executable_path/Frameworks</string>
				<key>OTHER_LDFLAGS</key>
				<string> -ObjC</string>
				<key>PRODUCT_BUNDLE_IDENTIFIER</key>
				<string>com.biao.LearnAssistant</string>
				<key>PRODUCT_NAME</key>
				<string>$(TARGET_NAME)</string>
			</dict>
			<key>isa</key>
			<string>XCBuildConfiguration</string>
			<key>name</key>
			<string>Debug</string>
		</dict>
		<key>07B26B4B1C3A9B57004A58E0</key>
		<dict>
			<key>baseConfigurationReference</key>
			<string>595A5D12E4EC77139B8D3936</string>
			<key>buildSettings</key>
			<dict>
				<key>ASSETCATALOG_COMPILER_APPICON_NAME</key>
				<string>AppIcon</string>
				<key>CODE_SIGN_IDENTITY</key>
				<string>iPhone Developer</string>
				<key>ENABLE_BITCODE</key>
				<string>YES</string>
				<key>GCC_PREFIX_HEADER</key>
				<string>$(SRCROOT)/LearnAssistant/PrefixHeader.pch</string>
				<key>INFOPLIST_FILE</key>
				<string>LearnAssistant/Info.plist</string>
				<key>IPHONEOS_DEPLOYMENT_TARGET</key>
				<string>9.1</string>
				<key>LD_RUNPATH_SEARCH_PATHS</key>
				<string>$(inherited) @executable_path/Frameworks</string>
				<key>OTHER_LDFLAGS</key>
				<string> -ObjC</string>
				<key>PRODUCT_BUNDLE_IDENTIFIER</key>
				<string>com.biao.LearnAssistant</string>
				<key>PRODUCT_NAME</key>
				<string>$(TARGET_NAME)</string>
			</dict>
			<key>isa</key>
			<string>XCBuildConfiguration</string>
			<key>name</key>
			<string>Release</string>
		</dict>
		<key>07B26B4C1C3A9B57004A58E0</key>
		<dict>
			<key>buildConfigurations</key>
			<array>
				<string>07B26B4D1C3A9B57004A58E0</string>
				<string>07B26B4E1C3A9B57004A58E0</string>
			</array>
			<key>defaultConfigurationIsVisible</key>
			<string>0</string>
			<key>defaultConfigurationName</key>
			<string>Release</string>
			<key>isa</key>
			<string>XCConfigurationList</string>
		</dict>
		<key>07B26B4D1C3A9B57004A58E0</key>
		<dict>
			<key>buildSettings</key>
			<dict>
				<key>BUNDLE_LOADER</key>
				<string>$(TEST_HOST)</string>
				<key>INFOPLIST_FILE</key>
				<string>LearnAssistantTests/Info.plist</string>
				<key>LD_RUNPATH_SEARCH_PATHS</key>
				<string>$(inherited) @executable_path/Frameworks @loader_path/Frameworks</string>
				<key>PRODUCT_BUNDLE_IDENTIFIER</key>
				<string>com.biao.LearnAssistantTests</string>
				<key>PRODUCT_NAME</key>
				<string>$(TARGET_NAME)</string>
				<key>TEST_HOST</key>
				<string>$(BUILT_PRODUCTS_DIR)/LearnAssistant.app/LearnAssistant</string>
			</dict>
			<key>isa</key>
			<string>XCBuildConfiguration</string>
			<key>name</key>
			<string>Debug</string>
		</dict>
		<key>07B26B4E1C3A9B57004A58E0</key>
		<dict>
			<key>buildSettings</key>
			<dict>
				<key>BUNDLE_LOADER</key>
				<string>$(TEST_HOST)</string>
				<key>INFOPLIST_FILE</key>
				<string>LearnAssistantTests/Info.plist</string>
				<key>LD_RUNPATH_SEARCH_PATHS</key>
				<string>$(inherited) @executable_path/Frameworks @loader_path/Frameworks</string>
				<key>PRODUCT_BUNDLE_IDENTIFIER</key>
				<string>com.biao.LearnAssistantTests</string>
				<key>PRODUCT_NAME</key>
				<string>$(TARGET_NAME)</string>
				<key>TEST_HOST</key>
				<string>$(BUILT_PRODUCTS_DIR)/LearnAssistant.app/LearnAssistant</string>
			</dict>
			<key>isa</key>
			<string>XCBuildConfiguration</string>
			<key>name</key>
			<string>Release</string>
		</dict>
		<key>07B26B4F1C3A9B57004A58E0</key>
		<dict>
			<key>buildConfigurations</key>
			<array>
				<string>07B26B501C3A9B57004A58E0</string>
				<string>07B26B511C3A9B57004A58E0</string>
			</array>
			<key>defaultConfigurationIsVisible</key>
			<string>0</string>
			<key>defaultConfigurationName</key>
			<string>Release</string>
			<key>isa</key>
			<string>XCConfigurationList</string>
		</dict>
		<key>07B26B501C3A9B57004A58E0</key>
		<dict>
			<key>buildSettings</key>
			<dict>
				<key>INFOPLIST_FILE</key>
				<string>LearnAssistantUITests/Info.plist</string>
				<key>LD_RUNPATH_SEARCH_PATHS</key>
				<string>$(inherited) @executable_path/Frameworks @loader_path/Frameworks</string>
				<key>PRODUCT_BUNDLE_IDENTIFIER</key>
				<string>com.biao.LearnAssistantUITests</string>
				<key>PRODUCT_NAME</key>
				<string>$(TARGET_NAME)</string>
				<key>TEST_TARGET_NAME</key>
				<string>LearnAssistant</string>
				<key>USES_XCTRUNNER</key>
				<string>YES</string>
			</dict>
			<key>isa</key>
			<string>XCBuildConfiguration</string>
			<key>name</key>
			<string>Debug</string>
		</dict>
		<key>07B26B511C3A9B57004A58E0</key>
		<dict>
			<key>buildSettings</key>
			<dict>
				<key>INFOPLIST_FILE</key>
				<string>LearnAssistantUITests/Info.plist</string>
				<key>LD_RUNPATH_SEARCH_PATHS</key>
				<string>$(inherited) @executable_path/Frameworks @loader_path/Frameworks</string>
				<key>PRODUCT_BUNDLE_IDENTIFIER</key>
				<string>com.biao.LearnAssistantUITests</string>
				<key>PRODUCT_NAME</key>
				<string>$(TARGET_NAME)</string>
				<key>TEST_TARGET_NAME</key>
				<string>LearnAssistant</string>
				<key>USES_XCTRUNNER</key>
				<string>YES</string>
			</dict>
			<key>isa</key>
			<string>XCBuildConfiguration</string>
			<key>name</key>
			<string>Release</string>
		</dict>
		<key>07B26B541C3A9DE0004A58E0</key>
		<dict>
			<key>children</key>
			<array>
				<string>075E3A6C1C3AA8220016702C</string>
				<string>07B26B551C3A9DE0004A58E0</string>
				<string>07B26B591C3A9DE0004A58E0</string>
				<string>07B26B5D1C3A9DE0004A58E0</string>
				<string>07B26B661C3A9DE0004A58E0</string>
				<string>07B26B6A1C3A9DE0004A58E0</string>
			</array>
			<key>isa</key>
			<string>PBXGroup</string>
			<key>path</key>
			<string>Classes</string>
			<key>sourceTree</key>
			<string>&lt;group&gt;</string>
		</dict>
		<key>07B26B551C3A9DE0004A58E0</key>
		<dict>
			<key>children</key>
			<array>
				<string>07B26B561C3A9DE0004A58E0</string>
				<string>07B26B571C3A9DE0004A58E0</string>
				<string>07B26B581C3A9DE0004A58E0</string>
			</array>
			<key>isa</key>
			<string>PBXGroup</string>
			<key>path</key>
			<string>English&#65288;&#33521;&#35821;&#23398;&#20064;&#65289;</string>
			<key>sourceTree</key>
			<string>&lt;group&gt;</string>
		</dict>
		<key>07B26B561C3A9DE0004A58E0</key>
		<dict>
			<key>children</key>
			<array>
				<string>075E3A601C3A9F0C0016702C</string>
				<string>075E3A611C3A9F0C0016702C</string>
			</array>
			<key>isa</key>
			<string>PBXGroup</string>
			<key>path</key>
			<string>Controller</string>
			<key>sourceTree</key>
			<string>&lt;group&gt;</string>
		</dict>
		<key>07B26B571C3A9DE0004A58E0</key>
		<dict>
			<key>children</key>
			<array>
				<string>077760481C3C12900034D28F</string>
				<string>077760491C3C12900034D28F</string>
				<string>0777604B1C3C12A50034D28F</string>
				<string>0777604C1C3C12A50034D28F</string>
			</array>
			<key>isa</key>
			<string>PBXGroup</string>
			<key>path</key>
			<string>Model</string>
			<key>sourceTree</key>
			<string>&lt;group&gt;</string>
		</dict>
		<key>07B26B581C3A9DE0004A58E0</key>
		<dict>
			<key>children</key>
			<array>
				<string>0777603E1C3BFFAA0034D28F</string>
				<string>0777603F1C3BFFAA0034D28F</string>
			</array>
			<key>isa</key>
			<string>PBXGroup</string>
			<key>path</key>
			<string>View</string>
			<key>sourceTree</key>
			<string>&lt;group&gt;</string>
		</dict>
		<key>07B26B591C3A9DE0004A58E0</key>
		<dict>
			<key>children</key>
			<array>
				<string>07B26B5A1C3A9DE0004A58E0</string>
				<string>07B26B5B1C3A9DE0004A58E0</string>
				<string>07B26B5C1C3A9DE0004A58E0</string>
			</array>
			<key>isa</key>
			<string>PBXGroup</string>
			<key>path</key>
			<string>Learn&#65288;&#23398;&#20064;&#35745;&#21010;&#65289;</string>
			<key>sourceTree</key>
			<string>&lt;group&gt;</string>
		</dict>
		<key>07B26B5A1C3A9DE0004A58E0</key>
		<dict>
			<key>children</key>
			<array>
				<string>075E3A631C3A9F250016702C</string>
				<string>075E3A641C3A9F250016702C</string>
				<string>07055CDA1C3E9EB600017AF4</string>
				<string>07055CDB1C3E9EB600017AF4</string>
				<string>07055CDC1C3E9EB600017AF4</string>
			</array>
			<key>isa</key>
			<string>PBXGroup</string>
			<key>path</key>
			<string>Controller</string>
			<key>sourceTree</key>
			<string>&lt;group&gt;</string>
		</dict>
		<key>07B26B5B1C3A9DE0004A58E0</key>
		<dict>
			<key>children</key>
			<array>
				<string>077760231C3BC41F0034D28F</string>
				<string>077760241C3BC41F0034D28F</string>
			</array>
			<key>isa</key>
			<string>PBXGroup</string>
			<key>path</key>
			<string>Model</string>
			<key>sourceTree</key>
			<string>&lt;group&gt;</string>
		</dict>
		<key>07B26B5C1C3A9DE0004A58E0</key>
		<dict>
			<key>children</key>
			<array>
				<string>0777606B1C3C3DFA0034D28F</string>
				<string>0777606C1C3C3DFA0034D28F</string>
				<string>0777606D1C3C3DFA0034D28F</string>
				<string>0788BF2F1C3FBABA00A6F042</string>
				<string>0788BF301C3FBABA00A6F042</string>
			</array>
			<key>isa</key>
			<string>PBXGroup</string>
			<key>path</key>
			<string>View</string>
			<key>sourceTree</key>
			<string>&lt;group&gt;</string>
		</dict>
		<key>07B26B5D1C3A9DE0004A58E0</key>
		<dict>
			<key>children</key>
			<array>
				<string>077760411C3C003B0034D28F</string>
				<string>07B26B5E1C3A9DE0004A58E0</string>
				<string>07B26B5F1C3A9DE0004A58E0</string>
				<string>07B26B601C3A9DE0004A58E0</string>
				<string>07B26B611C3A9DE0004A58E0</string>
				<string>07B26B651C3A9DE0004A58E0</string>
			</array>
			<key>isa</key>
			<string>PBXGroup</string>
			<key>path</key>
			<string>Main(&#20027;&#35201;)</string>
			<key>sourceTree</key>
			<string>&lt;group&gt;</string>
		</dict>
		<key>07B26B5E1C3A9DE0004A58E0</key>
		<dict>
			<key>children</key>
			<array>
				<string>07B26B711C3A9E9A004A58E0</string>
				<string>07B26B721C3A9E9A004A58E0</string>
				<string>075E3A5D1C3A9EE50016702C</string>
				<string>075E3A5E1C3A9EE50016702C</string>
			</array>
			<key>isa</key>
			<string>PBXGroup</string>
			<key>path</key>
			<string>Controller</string>
			<key>sourceTree</key>
			<string>&lt;group&gt;</string>
		</dict>
		<key>07B26B5F1C3A9DE0004A58E0</key>
		<dict>
			<key>children</key>
			<array>
				<string>077760521C3C2BE20034D28F</string>
			</array>
			<key>isa</key>
			<string>PBXGroup</string>
			<key>path</key>
			<string>Lib</string>
			<key>sourceTree</key>
			<string>&lt;group&gt;</string>
		</dict>
		<key>07B26B601C3A9DE0004A58E0</key>
		<dict>
			<key>children</key>
			<array/>
			<key>isa</key>
			<string>PBXGroup</string>
			<key>path</key>
			<string>Model</string>
			<key>sourceTree</key>
			<string>&lt;group&gt;</string>
		</dict>
		<key>07B26B611C3A9DE0004A58E0</key>
		<dict>
			<key>children</key>
			<array>
				<string>07B26B621C3A9DE0004A58E0</string>
				<string>07B26B631C3A9DE0004A58E0</string>
				<string>07B26B641C3A9DE0004A58E0</string>
			</array>
			<key>isa</key>
			<string>PBXGroup</string>
			<key>path</key>
			<string>Other</string>
			<key>sourceTree</key>
			<string>&lt;group&gt;</string>
		</dict>
		<key>07B26B621C3A9DE0004A58E0</key>
		<dict>
			<key>fileEncoding</key>
			<string>4</string>
			<key>isa</key>
			<string>PBXFileReference</string>
			<key>lastKnownFileType</key>
			<string>sourcecode.c.h</string>
			<key>path</key>
			<string>AppDelegate.h</string>
			<key>sourceTree</key>
			<string>&lt;group&gt;</string>
		</dict>
		<key>07B26B631C3A9DE0004A58E0</key>
		<dict>
			<key>fileEncoding</key>
			<string>4</string>
			<key>isa</key>
			<string>PBXFileReference</string>
			<key>lastKnownFileType</key>
			<string>sourcecode.c.objc</string>
			<key>path</key>
			<string>AppDelegate.m</string>
			<key>sourceTree</key>
			<string>&lt;group&gt;</string>
		</dict>
		<key>07B26B641C3A9DE0004A58E0</key>
		<dict>
			<key>fileEncoding</key>
			<string>4</string>
			<key>isa</key>
			<string>PBXFileReference</string>
			<key>lastKnownFileType</key>
			<string>sourcecode.c.objc</string>
			<key>path</key>
			<string>main.m</string>
			<key>sourceTree</key>
			<string>&lt;group&gt;</string>
		</dict>
		<key>07B26B651C3A9DE0004A58E0</key>
		<dict>
			<key>children</key>
			<array/>
			<key>isa</key>
			<string>PBXGroup</string>
			<key>path</key>
			<string>View</string>
			<key>sourceTree</key>
			<string>&lt;group&gt;</string>
		</dict>
		<key>07B26B661C3A9DE0004A58E0</key>
		<dict>
			<key>children</key>
			<array>
				<string>07B26B671C3A9DE0004A58E0</string>
				<string>07B26B681C3A9DE0004A58E0</string>
				<string>07B26B691C3A9DE0004A58E0</string>
			</array>
			<key>isa</key>
			<string>PBXGroup</string>
			<key>path</key>
			<string>Personal&#65288;&#20010;&#20154;&#20449;&#24687;&#65289;</string>
			<key>sourceTree</key>
			<string>&lt;group&gt;</string>
		</dict>
		<key>07B26B671C3A9DE0004A58E0</key>
		<dict>
			<key>children</key>
			<array>
				<string>075E3A661C3A9F350016702C</string>
				<string>075E3A671C3A9F350016702C</string>
				<string>0752AAE41C4038A10044B19A</string>
				<string>0752AAE51C4038A10044B19A</string>
				<string>0752AAE71C403BC30044B19A</string>
				<string>0752AAE81C403BC30044B19A</string>
				<string>0752AAEC1C40406B0044B19A</string>
				<string>0752AAED1C40406B0044B19A</string>
				<string>0777602C1C3BF6250034D28F</string>
				<string>0777602D1C3BF6250034D28F</string>
				<string>0777602F1C3BF6860034D28F</string>
				<string>077760301C3BF68F0034D28F</string>
				<string>077760321C3BF6FB0034D28F</string>
				<string>077760331C3BF6FB0034D28F</string>
				<string>077760351C3BF7110034D28F</string>
				<string>077760361C3BF7160034D28F</string>
				<string>0777603B1C3BF7E60034D28F</string>
				<string>0777603C1C3BF7ED0034D28F</string>
			</array>
			<key>isa</key>
			<string>PBXGroup</string>
			<key>path</key>
			<string>Controller</string>
			<key>sourceTree</key>
			<string>&lt;group&gt;</string>
		</dict>
		<key>07B26B681C3A9DE0004A58E0</key>
		<dict>
			<key>children</key>
			<array>
				<string>0745CC561C3D037600656BD1</string>
				<string>0745CC571C3D037600656BD1</string>
				<string>0745CC591C3D038100656BD1</string>
				<string>0745CC5A1C3D038100656BD1</string>
			</array>
			<key>isa</key>
			<string>PBXGroup</string>
			<key>path</key>
			<string>Model</string>
			<key>sourceTree</key>
			<string>&lt;group&gt;</string>
		</dict>
		<key>07B26B691C3A9DE0004A58E0</key>
		<dict>
			<key>children</key>
			<array>
				<string>077760381C3BF7920034D28F</string>
				<string>077760391C3BF7980034D28F</string>
			</array>
			<key>isa</key>
			<string>PBXGroup</string>
			<key>path</key>
			<string>View</string>
			<key>sourceTree</key>
			<string>&lt;group&gt;</string>
		</dict>
		<key>07B26B6A1C3A9DE0004A58E0</key>
		<dict>
			<key>children</key>
			<array>
				<string>07B26B6B1C3A9DE0004A58E0</string>
				<string>07B26B6C1C3A9DE0004A58E0</string>
				<string>07B26B6D1C3A9DE0004A58E0</string>
			</array>
			<key>isa</key>
			<string>PBXGroup</string>
			<key>path</key>
			<string>Read&#65288;&#38405;&#35835;&#31649;&#29702;&#65289;</string>
			<key>sourceTree</key>
			<string>&lt;group&gt;</string>
		</dict>
		<key>07B26B6B1C3A9DE0004A58E0</key>
		<dict>
			<key>children</key>
			<array>
				<string>075E3A691C3A9F470016702C</string>
				<string>075E3A6A1C3A9F470016702C</string>
				<string>077760661C3C356E0034D28F</string>
				<string>077760671C3C356E0034D28F</string>
			</array>
			<key>isa</key>
			<string>PBXGroup</string>
			<key>path</key>
			<string>Controller</string>
			<key>sourceTree</key>
			<string>&lt;group&gt;</string>
		</dict>
		<key>07B26B6C1C3A9DE0004A58E0</key>
		<dict>
			<key>children</key>
			<array>
				<string>0777605E1C3C2EC50034D28F</string>
				<string>0777605F1C3C2EC50034D28F</string>
			</array>
			<key>isa</key>
			<string>PBXGroup</string>
			<key>path</key>
			<string>Model</string>
			<key>sourceTree</key>
			<string>&lt;group&gt;</string>
		</dict>
		<key>07B26B6D1C3A9DE0004A58E0</key>
		<dict>
			<key>children</key>
			<array>
				<string>077760611C3C30C60034D28F</string>
				<string>077760621C3C30C60034D28F</string>
				<string>077760631C3C30C60034D28F</string>
			</array>
			<key>isa</key>
			<string>PBXGroup</string>
			<key>path</key>
			<string>View</string>
			<key>sourceTree</key>
			<string>&lt;group&gt;</string>
		</dict>
		<key>07B26B6E1C3A9DE0004A58E0</key>
		<dict>
			<key>fileRef</key>
			<string>07B26B631C3A9DE0004A58E0</string>
			<key>isa</key>
			<string>PBXBuildFile</string>
		</dict>
		<key>07B26B6F1C3A9DE0004A58E0</key>
		<dict>
			<key>fileRef</key>
			<string>07B26B641C3A9DE0004A58E0</string>
			<key>isa</key>
			<string>PBXBuildFile</string>
		</dict>
		<key>07B26B701C3A9E2A004A58E0</key>
		<dict>
			<key>fileEncoding</key>
			<string>4</string>
			<key>isa</key>
			<string>PBXFileReference</string>
			<key>lastKnownFileType</key>
			<string>sourcecode.c.h</string>
			<key>path</key>
			<string>PrefixHeader.pch</string>
			<key>sourceTree</key>
			<string>&lt;group&gt;</string>
		</dict>
		<key>07B26B711C3A9E9A004A58E0</key>
		<dict>
			<key>fileEncoding</key>
			<string>4</string>
			<key>isa</key>
			<string>PBXFileReference</string>
			<key>lastKnownFileType</key>
			<string>sourcecode.c.h</string>
			<key>path</key>
			<string>MbTabBarController.h</string>
			<key>sourceTree</key>
			<string>&lt;group&gt;</string>
		</dict>
		<key>07B26B721C3A9E9A004A58E0</key>
		<dict>
			<key>fileEncoding</key>
			<string>4</string>
			<key>isa</key>
			<string>PBXFileReference</string>
			<key>lastKnownFileType</key>
			<string>sourcecode.c.objc</string>
			<key>path</key>
			<string>MbTabBarController.m</string>
			<key>sourceTree</key>
			<string>&lt;group&gt;</string>
		</dict>
		<key>07B26B731C3A9E9A004A58E0</key>
		<dict>
			<key>fileRef</key>
			<string>07B26B721C3A9E9A004A58E0</string>
			<key>isa</key>
			<string>PBXBuildFile</string>
		</dict>
		<key>0D190389F2854EF5058538E6</key>
		<dict>
			<key>explicitFileType</key>
			<string>archive.ar</string>
			<key>includeInIndex</key>
			<string>0</string>
			<key>isa</key>
			<string>PBXFileReference</string>
			<key>path</key>
			<string>libPods.a</string>
			<key>sourceTree</key>
			<string>BUILT_PRODUCTS_DIR</string>
		</dict>
		<key>20BEC89AEEB09FEEDD3BFF2F</key>
		<dict>
			<key>children</key>
			<array>
				<string>0D190389F2854EF5058538E6</string>
			</array>
			<key>isa</key>
			<string>PBXGroup</string>
			<key>name</key>
			<string>Frameworks</string>
			<key>sourceTree</key>
			<string>&lt;group&gt;</string>
		</dict>
		<key>37D74AFB2269F689B1EA381B</key>
		<dict>
			<key>fileRef</key>
			<string>0D190389F2854EF5058538E6</string>
			<key>isa</key>
			<string>PBXBuildFile</string>
		</dict>
		<key>595A5D12E4EC77139B8D3936</key>
		<dict>
			<key>includeInIndex</key>
			<string>1</string>
			<key>isa</key>
			<string>PBXFileReference</string>
			<key>lastKnownFileType</key>
			<string>text.xcconfig</string>
			<key>name</key>
			<string>Pods.release.xcconfig</string>
			<key>path</key>
			<string>Pods/Target Support Files/Pods/Pods.release.xcconfig</string>
			<key>sourceTree</key>
			<string>&lt;group&gt;</string>
		</dict>
		<key>791D07DD65E74A1E1A4C3503</key>
		<dict>
			<key>buildActionMask</key>
			<string>2147483647</string>
			<key>files</key>
			<array/>
			<key>inputPaths</key>
			<array/>
			<key>isa</key>
			<string>PBXShellScriptBuildPhase</string>
			<key>name</key>
			<string>Copy Pods Resources</string>
			<key>outputPaths</key>
			<array/>
			<key>runOnlyForDeploymentPostprocessing</key>
			<string>0</string>
			<key>shellPath</key>
			<string>/bin/sh</string>
			<key>shellScript</key>
			<string>"${SRCROOT}/Pods/Target Support Files/Pods/Pods-resources.sh"
</string>
			<key>showEnvVarsInLog</key>
			<string>0</string>
		</dict>
		<key>881DFC2651462A84E93AC1BA</key>
		<dict>
			<key>buildActionMask</key>
			<string>2147483647</string>
			<key>files</key>
			<array/>
			<key>inputPaths</key>
			<array/>
			<key>isa</key>
			<string>PBXShellScriptBuildPhase</string>
			<key>name</key>
			<string>Check Pods Manifest.lock</string>
			<key>outputPaths</key>
			<array/>
			<key>runOnlyForDeploymentPostprocessing</key>
			<string>0</string>
			<key>shellPath</key>
			<string>/bin/sh</string>
			<key>shellScript</key>
			<string>diff "${PODS_ROOT}/../Podfile.lock" "${PODS_ROOT}/Manifest.lock" &gt; /dev/null
if [[ $? != 0 ]] ; then
    cat &lt;&lt; EOM
error: The sandbox is not in sync with the Podfile.lock. Run 'pod install' or update your CocoaPods installation.
EOM
    exit 1
fi
</string>
			<key>showEnvVarsInLog</key>
			<string>0</string>
		</dict>
		<key>C87727005B72520460DAA294</key>
		<dict>
			<key>buildActionMask</key>
			<string>2147483647</string>
			<key>files</key>
			<array/>
			<key>inputPaths</key>
			<array/>
			<key>isa</key>
			<string>PBXShellScriptBuildPhase</string>
			<key>name</key>
			<string>Embed Pods Frameworks</string>
			<key>outputPaths</key>
			<array/>
			<key>runOnlyForDeploymentPostprocessing</key>
			<string>0</string>
			<key>shellPath</key>
			<string>/bin/sh</string>
			<key>shellScript</key>
			<string>"${SRCROOT}/Pods/Target Support Files/Pods/Pods-frameworks.sh"
</string>
			<key>showEnvVarsInLog</key>
			<string>0</string>
		</dict>
		<key>DC15ED4C83EEE42CE44D9CA7</key>
		<dict>
			<key>includeInIndex</key>
			<string>1</string>
			<key>isa</key>
			<string>PBXFileReference</string>
			<key>lastKnownFileType</key>
			<string>text.xcconfig</string>
			<key>name</key>
			<string>Pods.debug.xcconfig</string>
			<key>path</key>
			<string>Pods/Target Support Files/Pods/Pods.debug.xcconfig</string>
			<key>sourceTree</key>
			<string>&lt;group&gt;</string>
		</dict>
		<key>F06FF4B1FBE4255654E5521F</key>
		<dict>
			<key>children</key>
			<array>
				<string>DC15ED4C83EEE42CE44D9CA7</string>
				<string>595A5D12E4EC77139B8D3936</string>
			</array>
			<key>isa</key>
			<string>PBXGroup</string>
			<key>name</key>
			<string>Pods</string>
			<key>sourceTree</key>
			<string>&lt;group&gt;</string>
		</dict>
	</dict>
	<key>rootObject</key>
	<string>07B26B141C3A9B56004A58E0</string>
</dict>
</plist>
